// !$*UTF8*$!
{
	archiveVersion = 1;
	classes = {
	};
	objectVersion = 46;
	objects = {

/* Begin PBXBuildFile section */
		689D095A1B86130B00D5C97B /* Main_iPhone.storyboard in Resources */ = {isa = PBXBuildFile; fileRef = 689D09591B86130B00D5C97B /* Main_iPhone.storyboard */; };
		689D095F1B86133400D5C97B /* MainViewController.m in Sources */ = {isa = PBXBuildFile; fileRef = 689D095E1B86133400D5C97B /* MainViewController.m */; };
		689D09631B8616AC00D5C97B /* Main_iPad.storyboard in Resources */ = {isa = PBXBuildFile; fileRef = 689D09621B8616AC00D5C97B /* Main_iPad.storyboard */; };
		689D09691B86213F00D5C97B /* background.png in Resources */ = {isa = PBXBuildFile; fileRef = 689D09681B86213F00D5C97B /* background.png */; };
		689D096B1B86261D00D5C97B /* bg_button.png in Resources */ = {isa = PBXBuildFile; fileRef = 689D096A1B86261D00D5C97B /* bg_button.png */; };
		689D096D1B8626F000D5C97B /* button_next.png in Resources */ = {isa = PBXBuildFile; fileRef = 689D096C1B8626F000D5C97B /* button_next.png */; };
		689D096F1B86271800D5C97B /* button_play.png in Resources */ = {isa = PBXBuildFile; fileRef = 689D096E1B86271800D5C97B /* button_play.png */; };
		689D09711B86274100D5C97B /* bg_big_button.png in Resources */ = {isa = PBXBuildFile; fileRef = 689D09701B86274100D5C97B /* bg_big_button.png */; };
		689D09731B8628BA00D5C97B /* button_refresh.png in Resources */ = {isa = PBXBuildFile; fileRef = 689D09721B8628BA00D5C97B /* button_refresh.png */; };
		689D09771B862FE300D5C97B /* button_like.png in Resources */ = {isa = PBXBuildFile; fileRef = 689D09761B862FE300D5C97B /* button_like.png */; };
		689D09791B86337100D5C97B /* button_dislike.png in Resources */ = {isa = PBXBuildFile; fileRef = 689D09781B86337100D5C97B /* button_dislike.png */; };
		689D097B1B8633A000D5C97B /* button_bravo.png in Resources */ = {isa = PBXBuildFile; fileRef = 689D097A1B8633A000D5C97B /* button_bravo.png */; };
		689D097D1B8633DE00D5C97B /* button_rum.png in Resources */ = {isa = PBXBuildFile; fileRef = 689D097C1B8633DE00D5C97B /* button_rum.png */; };
		689D097F1B86343300D5C97B /* button_lips.png in Resources */ = {isa = PBXBuildFile; fileRef = 689D097E1B86343300D5C97B /* button_lips.png */; };
		68B136541B858DDC001F4C64 /* main.m in Sources */ = {isa = PBXBuildFile; fileRef = 68B136531B858DDC001F4C64 /* main.m */; };
		68B136571B858DDC001F4C64 /* AppDelegate.m in Sources */ = {isa = PBXBuildFile; fileRef = 68B136561B858DDC001F4C64 /* AppDelegate.m */; };
		68B1365F1B858DDC001F4C64 /* Images.xcassets in Resources */ = {isa = PBXBuildFile; fileRef = 68B1365E1B858DDC001F4C64 /* Images.xcassets */; };
		68B1366E1B858DDC001F4C64 /* ANATests.m in Sources */ = {isa = PBXBuildFile; fileRef = 68B1366D1B858DDC001F4C64 /* ANATests.m */; };
/* End PBXBuildFile section */

/* Begin PBXContainerItemProxy section */
		68B136681B858DDC001F4C64 /* PBXContainerItemProxy */ = {
			isa = PBXContainerItemProxy;
			containerPortal = 68B136461B858DDC001F4C64 /* Project object */;
			proxyType = 1;
			remoteGlobalIDString = 68B1364D1B858DDC001F4C64;
			remoteInfo = ANA;
		};
/* End PBXContainerItemProxy section */

/* Begin PBXFileReference section */
		689D09591B86130B00D5C97B /* Main_iPhone.storyboard */ = {isa = PBXFileReference; fileEncoding = 4; lastKnownFileType = file.storyboard; path = Main_iPhone.storyboard; sourceTree = "<group>"; };
		689D095D1B86133400D5C97B /* MainViewController.h */ = {isa = PBXFileReference; fileEncoding = 4; lastKnownFileType = sourcecode.c.h; name = MainViewController.h; path = Controller/MainViewController.h; sourceTree = SOURCE_ROOT; };
		689D095E1B86133400D5C97B /* MainViewController.m */ = {isa = PBXFileReference; fileEncoding = 4; lastKnownFileType = sourcecode.c.objc; name = MainViewController.m; path = Controller/MainViewController.m; sourceTree = SOURCE_ROOT; };
		689D09621B8616AC00D5C97B /* Main_iPad.storyboard */ = {isa = PBXFileReference; fileEncoding = 4; lastKnownFileType = file.storyboard; path = Main_iPad.storyboard; sourceTree = "<group>"; };
		689D09681B86213F00D5C97B /* background.png */ = {isa = PBXFileReference; lastKnownFileType = image.png; path = background.png; sourceTree = "<group>"; };
		689D096A1B86261D00D5C97B /* bg_button.png */ = {isa = PBXFileReference; lastKnownFileType = image.png; path = bg_button.png; sourceTree = "<group>"; };
		689D096C1B8626F000D5C97B /* button_next.png */ = {isa = PBXFileReference; lastKnownFileType = image.png; path = button_next.png; sourceTree = "<group>"; };
		689D096E1B86271800D5C97B /* button_play.png */ = {isa = PBXFileReference; lastKnownFileType = image.png; path = button_play.png; sourceTree = "<group>"; };
		689D09701B86274100D5C97B /* bg_big_button.png */ = {isa = PBXFileReference; lastKnownFileType = image.png; path = bg_big_button.png; sourceTree = "<group>"; };
		689D09721B8628BA00D5C97B /* button_refresh.png */ = {isa = PBXFileReference; lastKnownFileType = image.png; path = button_refresh.png; sourceTree = "<group>"; };
		689D09761B862FE300D5C97B /* button_like.png */ = {isa = PBXFileReference; lastKnownFileType = image.png; path = button_like.png; sourceTree = "<group>"; };
		689D09781B86337100D5C97B /* button_dislike.png */ = {isa = PBXFileReference; lastKnownFileType = image.png; path = button_dislike.png; sourceTree = "<group>"; };
		689D097A1B8633A000D5C97B /* button_bravo.png */ = {isa = PBXFileReference; lastKnownFileType = image.png; path = button_bravo.png; sourceTree = "<group>"; };
		689D097C1B8633DE00D5C97B /* button_rum.png */ = {isa = PBXFileReference; lastKnownFileType = image.png; path = button_rum.png; sourceTree = "<group>"; };
		689D097E1B86343300D5C97B /* button_lips.png */ = {isa = PBXFileReference; lastKnownFileType = image.png; path = button_lips.png; sourceTree = "<group>"; };
		68B1364E1B858DDC001F4C64 /* ANA.app */ = {isa = PBXFileReference; explicitFileType = wrapper.application; includeInIndex = 0; path = ANA.app; sourceTree = BUILT_PRODUCTS_DIR; };
		68B136521B858DDC001F4C64 /* Info.plist */ = {isa = PBXFileReference; lastKnownFileType = text.plist.xml; path = Info.plist; sourceTree = "<group>"; };
		68B136531B858DDC001F4C64 /* main.m */ = {isa = PBXFileReference; lastKnownFileType = sourcecode.c.objc; path = main.m; sourceTree = "<group>"; };
		68B136551B858DDC001F4C64 /* AppDelegate.h */ = {isa = PBXFileReference; lastKnownFileType = sourcecode.c.h; path = AppDelegate.h; sourceTree = "<group>"; };
		68B136561B858DDC001F4C64 /* AppDelegate.m */ = {isa = PBXFileReference; lastKnownFileType = sourcecode.c.objc; path = AppDelegate.m; sourceTree = "<group>"; };
		68B1365E1B858DDC001F4C64 /* Images.xcassets */ = {isa = PBXFileReference; lastKnownFileType = folder.assetcatalog; path = Images.xcassets; sourceTree = "<group>"; };
		68B136671B858DDC001F4C64 /* ANATests.xctest */ = {isa = PBXFileReference; explicitFileType = wrapper.cfbundle; includeInIndex = 0; path = ANATests.xctest; sourceTree = BUILT_PRODUCTS_DIR; };
		68B1366C1B858DDC001F4C64 /* Info.plist */ = {isa = PBXFileReference; lastKnownFileType = text.plist.xml; path = Info.plist; sourceTree = "<group>"; };
		68B1366D1B858DDC001F4C64 /* ANATests.m */ = {isa = PBXFileReference; lastKnownFileType = sourcecode.c.objc; path = ANATests.m; sourceTree = "<group>"; };
/* End PBXFileReference section */

/* Begin PBXFrameworksBuildPhase section */
		68B1364B1B858DDC001F4C64 /* Frameworks */ = {
			isa = PBXFrameworksBuildPhase;
			buildActionMask = 2147483647;
			files = (
			);
			runOnlyForDeploymentPostprocessing = 0;
		};
		68B136641B858DDC001F4C64 /* Frameworks */ = {
			isa = PBXFrameworksBuildPhase;
			buildActionMask = 2147483647;
			files = (
			);
			runOnlyForDeploymentPostprocessing = 0;
		};
/* End PBXFrameworksBuildPhase section */

/* Begin PBXGroup section */
		689D09521B86120F00D5C97B /* Controller */ = {
			isa = PBXGroup;
			children = (
				689D095D1B86133400D5C97B /* MainViewController.h */,
				689D095E1B86133400D5C97B /* MainViewController.m */,
			);
			path = Controller;
			sourceTree = "<group>";
		};
		689D09581B86130200D5C97B /* StoryBoard */ = {
			isa = PBXGroup;
			children = (
				689D09591B86130B00D5C97B /* Main_iPhone.storyboard */,
				689D09621B8616AC00D5C97B /* Main_iPad.storyboard */,
			);
			path = StoryBoard;
			sourceTree = "<group>";
		};
		689D09671B86213400D5C97B /* Resource */ = {
			isa = PBXGroup;
			children = (
				689D097E1B86343300D5C97B /* button_lips.png */,
				689D097C1B8633DE00D5C97B /* button_rum.png */,
				689D097A1B8633A000D5C97B /* button_bravo.png */,
				689D09781B86337100D5C97B /* button_dislike.png */,
				689D09761B862FE300D5C97B /* button_like.png */,
				689D09721B8628BA00D5C97B /* button_refresh.png */,
				689D09701B86274100D5C97B /* bg_big_button.png */,
				689D096E1B86271800D5C97B /* button_play.png */,
				689D096C1B8626F000D5C97B /* button_next.png */,
				689D096A1B86261D00D5C97B /* bg_button.png */,
				689D09681B86213F00D5C97B /* background.png */,
			);
			path = Resource;
			sourceTree = "<group>";
		};
		68B136451B858DDC001F4C64 = {
			isa = PBXGroup;
			children = (
				68B136501B858DDC001F4C64 /* ANA */,
				68B1366A1B858DDC001F4C64 /* ANATests */,
				68B1364F1B858DDC001F4C64 /* Products */,
			);
			sourceTree = "<group>";
		};
		68B1364F1B858DDC001F4C64 /* Products */ = {
			isa = PBXGroup;
			children = (
				68B1364E1B858DDC001F4C64 /* ANA.app */,
				68B136671B858DDC001F4C64 /* ANATests.xctest */,
			);
			name = Products;
			sourceTree = "<group>";
		};
		68B136501B858DDC001F4C64 /* ANA */ = {
			isa = PBXGroup;
			children = (
				689D09671B86213400D5C97B /* Resource */,
				689D09581B86130200D5C97B /* StoryBoard */,
				689D09521B86120F00D5C97B /* Controller */,
				68B136551B858DDC001F4C64 /* AppDelegate.h */,
				68B136561B858DDC001F4C64 /* AppDelegate.m */,
				68B1365E1B858DDC001F4C64 /* Images.xcassets */,
				68B136511B858DDC001F4C64 /* Supporting Files */,
			);
			path = ANA;
			sourceTree = "<group>";
		};
		68B136511B858DDC001F4C64 /* Supporting Files */ = {
			isa = PBXGroup;
			children = (
				68B136521B858DDC001F4C64 /* Info.plist */,
				68B136531B858DDC001F4C64 /* main.m */,
			);
			name = "Supporting Files";
			sourceTree = "<group>";
		};
		68B1366A1B858DDC001F4C64 /* ANATests */ = {
			isa = PBXGroup;
			children = (
				68B1366D1B858DDC001F4C64 /* ANATests.m */,
				68B1366B1B858DDC001F4C64 /* Supporting Files */,
			);
			path = ANATests;
			sourceTree = "<group>";
		};
		68B1366B1B858DDC001F4C64 /* Supporting Files */ = {
			isa = PBXGroup;
			children = (
				68B1366C1B858DDC001F4C64 /* Info.plist */,
			);
			name = "Supporting Files";
			sourceTree = "<group>";
		};
/* End PBXGroup section */

/* Begin PBXNativeTarget section */
		68B1364D1B858DDC001F4C64 /* ANA */ = {
			isa = PBXNativeTarget;
			buildConfigurationList = 68B136711B858DDC001F4C64 /* Build configuration list for PBXNativeTarget "ANA" */;
			buildPhases = (
				68B1364A1B858DDC001F4C64 /* Sources */,
				68B1364B1B858DDC001F4C64 /* Frameworks */,
				68B1364C1B858DDC001F4C64 /* Resources */,
			);
			buildRules = (
			);
			dependencies = (
			);
			name = ANA;
			productName = ANA;
			productReference = 68B1364E1B858DDC001F4C64 /* ANA.app */;
			productType = "com.apple.product-type.application";
		};
		68B136661B858DDC001F4C64 /* ANATests */ = {
			isa = PBXNativeTarget;
			buildConfigurationList = 68B136741B858DDC001F4C64 /* Build configuration list for PBXNativeTarget "ANATests" */;
			buildPhases = (
				68B136631B858DDC001F4C64 /* Sources */,
				68B136641B858DDC001F4C64 /* Frameworks */,
				68B136651B858DDC001F4C64 /* Resources */,
			);
			buildRules = (
			);
			dependencies = (
				68B136691B858DDC001F4C64 /* PBXTargetDependency */,
			);
			name = ANATests;
			productName = ANATests;
			productReference = 68B136671B858DDC001F4C64 /* ANATests.xctest */;
			productType = "com.apple.product-type.bundle.unit-test";
		};
/* End PBXNativeTarget section */

/* Begin PBXProject section */
		68B136461B858DDC001F4C64 /* Project object */ = {
			isa = PBXProject;
			attributes = {
				LastUpgradeCheck = 0640;
				ORGANIZATIONNAME = "Minh Thong";
				TargetAttributes = {
					68B1364D1B858DDC001F4C64 = {
						CreatedOnToolsVersion = 6.4;
					};
					68B136661B858DDC001F4C64 = {
						CreatedOnToolsVersion = 6.4;
						TestTargetID = 68B1364D1B858DDC001F4C64;
					};
				};
			};
			buildConfigurationList = 68B136491B858DDC001F4C64 /* Build configuration list for PBXProject "ANA" */;
			compatibilityVersion = "Xcode 3.2";
			developmentRegion = English;
			hasScannedForEncodings = 0;
			knownRegions = (
				en,
				Base,
			);
			mainGroup = 68B136451B858DDC001F4C64;
			productRefGroup = 68B1364F1B858DDC001F4C64 /* Products */;
			projectDirPath = "";
			projectRoot = "";
			targets = (
				68B1364D1B858DDC001F4C64 /* ANA */,
				68B136661B858DDC001F4C64 /* ANATests */,
			);
		};
/* End PBXProject section */

/* Begin PBXResourcesBuildPhase section */
		68B1364C1B858DDC001F4C64 /* Resources */ = {
			isa = PBXResourcesBuildPhase;
			buildActionMask = 2147483647;
			files = (
				689D09631B8616AC00D5C97B /* Main_iPad.storyboard in Resources */,
				689D097D1B8633DE00D5C97B /* button_rum.png in Resources */,
				689D096F1B86271800D5C97B /* button_play.png in Resources */,
				689D096B1B86261D00D5C97B /* bg_button.png in Resources */,
				689D097F1B86343300D5C97B /* button_lips.png in Resources */,
				689D09711B86274100D5C97B /* bg_big_button.png in Resources */,
				689D097B1B8633A000D5C97B /* button_bravo.png in Resources */,
				689D09791B86337100D5C97B /* button_dislike.png in Resources */,
				689D09691B86213F00D5C97B /* background.png in Resources */,
				689D095A1B86130B00D5C97B /* Main_iPhone.storyboard in Resources */,
				689D09771B862FE300D5C97B /* button_like.png in Resources */,
				68B1365F1B858DDC001F4C64 /* Images.xcassets in Resources */,
				689D09731B8628BA00D5C97B /* button_refresh.png in Resources */,
				689D096D1B8626F000D5C97B /* button_next.png in Resources */,
			);
			runOnlyForDeploymentPostprocessing = 0;
		};
		68B136651B858DDC001F4C64 /* Resources */ = {
			isa = PBXResourcesBuildPhase;
			buildActionMask = 2147483647;
			files = (
			);
			runOnlyForDeploymentPostprocessing = 0;
		};
/* End PBXResourcesBuildPhase section */

/* Begin PBXSourcesBuildPhase section */
		68B1364A1B858DDC001F4C64 /* Sources */ = {
			isa = PBXSourcesBuildPhase;
			buildActionMask = 2147483647;
			files = (
				68B136571B858DDC001F4C64 /* AppDelegate.m in Sources */,
				689D095F1B86133400D5C97B /* MainViewController.m in Sources */,
				68B136541B858DDC001F4C64 /* main.m in Sources */,
			);
			runOnlyForDeploymentPostprocessing = 0;
		};
		68B136631B858DDC001F4C64 /* Sources */ = {
			isa = PBXSourcesBuildPhase;
			buildActionMask = 2147483647;
			files = (
				68B1366E1B858DDC001F4C64 /* ANATests.m in Sources */,
			);
			runOnlyForDeploymentPostprocessing = 0;
		};
/* End PBXSourcesBuildPhase section */

/* Begin PBXTargetDependency section */
		68B136691B858DDC001F4C64 /* PBXTargetDependency */ = {
			isa = PBXTargetDependency;
			target = 68B1364D1B858DDC001F4C64 /* ANA */;
			targetProxy = 68B136681B858DDC001F4C64 /* PBXContainerItemProxy */;
		};
/* End PBXTargetDependency section */

/* Begin XCBuildConfiguration section */
		68B1366F1B858DDC001F4C64 /* Debug */ = {
			isa = XCBuildConfiguration;
			buildSettings = {
				ALWAYS_SEARCH_USER_PATHS = NO;
				CLANG_CXX_LANGUAGE_STANDARD = "gnu++0x";
				CLANG_CXX_LIBRARY = "libc++";
				CLANG_ENABLE_MODULES = YES;
				CLANG_ENABLE_OBJC_ARC = YES;
				CLANG_WARN_BOOL_CONVERSION = YES;
				CLANG_WARN_CONSTANT_CONVERSION = YES;
				CLANG_WARN_DIRECT_OBJC_ISA_USAGE = YES_ERROR;
				CLANG_WARN_EMPTY_BODY = YES;
				CLANG_WARN_ENUM_CONVERSION = YES;
				CLANG_WARN_INT_CONVERSION = YES;
				CLANG_WARN_OBJC_ROOT_CLASS = YES_ERROR;
				CLANG_WARN_UNREACHABLE_CODE = YES;
				CLANG_WARN__DUPLICATE_METHOD_MATCH = YES;
				"CODE_SIGN_IDENTITY[sdk=iphoneos*]" = "iPhone Developer";
				COPY_PHASE_STRIP = NO;
				DEBUG_INFORMATION_FORMAT = "dwarf-with-dsym";
				ENABLE_STRICT_OBJC_MSGSEND = YES;
				GCC_C_LANGUAGE_STANDARD = gnu99;
				GCC_DYNAMIC_NO_PIC = NO;
				GCC_NO_COMMON_BLOCKS = YES;
				GCC_OPTIMIZATION_LEVEL = 0;
				GCC_PREPROCESSOR_DEFINITIONS = (
					"DEBUG=1",
					"$(inherited)",
				);
				GCC_SYMBOLS_PRIVATE_EXTERN = NO;
				GCC_WARN_64_TO_32_BIT_CONVERSION = YES;
				GCC_WARN_ABOUT_RETURN_TYPE = YES_ERROR;
				GCC_WARN_UNDECLARED_SELECTOR = YES;
				GCC_WARN_UNINITIALIZED_AUTOS = YES_AGGRESSIVE;
				GCC_WARN_UNUSED_FUNCTION = YES;
				GCC_WARN_UNUSED_VARIABLE = YES;
				IPHONEOS_DEPLOYMENT_TARGET = 8.4;
				MTL_ENABLE_DEBUG_INFO = YES;
				ONLY_ACTIVE_ARCH = YES;
				SDKROOT = iphoneos;
				TARGETED_DEVICE_FAMILY = "1,2";
			};
			name = Debug;
		};
		68B136701B858DDC001F4C64 /* Release */ = {
			isa = XCBuildConfiguration;
			buildSettings = {
				ALWAYS_SEARCH_USER_PATHS = NO;
				CLANG_CXX_LANGUAGE_STANDARD = "gnu++0x";
				CLANG_CXX_LIBRARY = "libc++";
				CLANG_ENABLE_MODULES = YES;
				CLANG_ENABLE_OBJC_ARC = YES;
				CLANG_WARN_BOOL_CONVERSION = YES;
				CLANG_WARN_CONSTANT_CONVERSION = YES;
				CLANG_WARN_DIRECT_OBJC_ISA_USAGE = YES_ERROR;
				CLANG_WARN_EMPTY_BODY = YES;
				CLANG_WARN_ENUM_CONVERSION = YES;
				CLANG_WARN_INT_CONVERSION = YES;
				CLANG_WARN_OBJC_ROOT_CLASS = YES_ERROR;
				CLANG_WARN_UNREACHABLE_CODE = YES;
				CLANG_WARN__DUPLICATE_METHOD_MATCH = YES;
				"CODE_SIGN_IDENTITY[sdk=iphoneos*]" = "iPhone Developer";
				COPY_PHASE_STRIP = NO;
				DEBUG_INFORMATION_FORMAT = "dwarf-with-dsym";
				ENABLE_NS_ASSERTIONS = NO;
				ENABLE_STRICT_OBJC_MSGSEND = YES;
				GCC_C_LANGUAGE_STANDARD = gnu99;
				GCC_NO_COMMON_BLOCKS = YES;
				GCC_WARN_64_TO_32_BIT_CONVERSION = YES;
				GCC_WARN_ABOUT_RETURN_TYPE = YES_ERROR;
				GCC_WARN_UNDECLARED_SELECTOR = YES;
				GCC_WARN_UNINITIALIZED_AUTOS = YES_AGGRESSIVE;
				GCC_WARN_UNUSED_FUNCTION = YES;
				GCC_WARN_UNUSED_VARIABLE = YES;
				IPHONEOS_DEPLOYMENT_TARGET = 8.4;
				MTL_ENABLE_DEBUG_INFO = NO;
				SDKROOT = iphoneos;
				TARGETED_DEVICE_FAMILY = "1,2";
				VALIDATE_PRODUCT = YES;
			};
			name = Release;
		};
		68B136721B858DDC001F4C64 /* Debug */ = {
			isa = XCBuildConfiguration;
			buildSettings = {
				ASSETCATALOG_COMPILER_APPICON_NAME = AppIcon;
				INFOPLIST_FILE = ANA/Info.plist;
				IPHONEOS_DEPLOYMENT_TARGET = 7.0;
				LD_RUNPATH_SEARCH_PATHS = "$(inherited) @executable_path/Frameworks";
				PRODUCT_NAME = "$(TARGET_NAME)";
				TARGETED_DEVICE_FAMILY = 2;
			};
			name = Debug;
		};
		68B136731B858DDC001F4C64 /* Release */ = {
			isa = XCBuildConfiguration;
			buildSettings = {
				ASSETCATALOG_COMPILER_APPICON_NAME = AppIcon;
				INFOPLIST_FILE = ANA/Info.plist;
				IPHONEOS_DEPLOYMENT_TARGET = 7.0;
				LD_RUNPATH_SEARCH_PATHS = "$(inherited) @executable_path/Frameworks";
				PRODUCT_NAME = "$(TARGET_NAME)";
				TARGETED_DEVICE_FAMILY = 2;
			};
			name = Release;
		};
		68B136751B858DDC001F4C64 /* Debug */ = {
			isa = XCBuildConfiguration;
			buildSettings = {
				BUNDLE_LOADER = "$(TEST_HOST)";
				FRAMEWORK_SEARCH_PATHS = (
					"$(SDKROOT)/Developer/Library/Frameworks",
					"$(inherited)",
				);
				GCC_PREPROCESSOR_DEFINITIONS = (
					"DEBUG=1",
					"$(inherited)",
				);
				INFOPLIST_FILE = ANATests/Info.plist;
				LD_RUNPATH_SEARCH_PATHS = "$(inherited) @executable_path/Frameworks @loader_path/Frameworks";
				PRODUCT_NAME = "$(TARGET_NAME)";
				TEST_HOST = "$(BUILT_PRODUCTS_DIR)/ANA.app/ANA";
			};
			name = Debug;
		};
		68B136761B858DDC001F4C64 /* Release */ = {
			isa = XCBuildConfiguration;
			buildSettings = {
				BUNDLE_LOADER = "$(TEST_HOST)";
				FRAMEWORK_SEARCH_PATHS = (
					"$(SDKROOT)/Developer/Library/Frameworks",
					"$(inherited)",
				);
				INFOPLIST_FILE = ANATests/Info.plist;
				LD_RUNPATH_SEARCH_PATHS = "$(inherited) @executable_path/Frameworks @loader_path/Frameworks";
				PRODUCT_NAME = "$(TARGET_NAME)";
				TEST_HOST = "$(BUILT_PRODUCTS_DIR)/ANA.app/ANA";
			};
			name = Release;
		};
/* End XCBuildConfiguration section */

/* Begin XCConfigurationList section */
		68B136491B858DDC001F4C64 /* Build configuration list for PBXProject "ANA" */ = {
			isa = XCConfigurationList;
			buildConfigurations = (
				68B1366F1B858DDC001F4C64 /* Debug */,
				68B136701B858DDC001F4C64 /* Release */,
			);
			defaultConfigurationIsVisible = 0;
			defaultConfigurationName = Release;
		};
		68B136711B858DDC001F4C64 /* Build configuration list for PBXNativeTarget "ANA" */ = {
			isa = XCConfigurationList;
			buildConfigurations = (
				68B136721B858DDC001F4C64 /* Debug */,
				68B136731B858DDC001F4C64 /* Release */,
			);
			defaultConfigurationIsVisible = 0;
			defaultConfigurationName = Release;
		};
		68B136741B858DDC001F4C64 /* Build configuration list for PBXNativeTarget "ANATests" */ = {
			isa = XCConfigurationList;
			buildConfigurations = (
				68B136751B858DDC001F4C64 /* Debug */,
				68B136761B858DDC001F4C64 /* Release */,
			);
			defaultConfigurationIsVisible = 0;
			defaultConfigurationName = Release;
		};
/* End XCConfigurationList section */
	};
	rootObject = 68B136461B858DDC001F4C64 /* Project object */;
}
