// !$*UTF8*$!
{
	archiveVersion = 1;
	classes = {
	};
	objectVersion = 46;
	objects = {

/* Begin PBXBuildFile section */
		68982EB81B89EBB70003C57F /* QingGe.m in Sources */ = {isa = PBXBuildFile; fileRef = 68982EB71B89EBB70003C57F /* QingGe.m */; };
		68982EBB1B89EC900003C57F /* ZuHe.m in Sources */ = {isa = PBXBuildFile; fileRef = 68982EBA1B89EC900003C57F /* ZuHe.m */; };
		68982EBE1B89EFC90003C57F /* YueYu.m in Sources */ = {isa = PBXBuildFile; fileRef = 68982EBD1B89EFC90003C57F /* YueYu.m */; };
		68982EC11B89F2E60003C57F /* Zong.m in Sources */ = {isa = PBXBuildFile; fileRef = 68982EC01B89F2E60003C57F /* Zong.m */; };
		68982EC41B89F3AE0003C57F /* YueNan.m in Sources */ = {isa = PBXBuildFile; fileRef = 68982EC31B89F3AE0003C57F /* YueNan.m */; };
		68982EE41B8A22E30003C57F /* avatar_placeholder.png in Resources */ = {isa = PBXBuildFile; fileRef = 68982EC61B8A22E30003C57F /* avatar_placeholder.png */; };
		68982EE51B8A22E30003C57F /* background.png in Resources */ = {isa = PBXBuildFile; fileRef = 68982EC71B8A22E30003C57F /* background.png */; };
		68982EE61B8A22E30003C57F /* background_cell.png in Resources */ = {isa = PBXBuildFile; fileRef = 68982EC81B8A22E30003C57F /* background_cell.png */; };
		68982EE71B8A22E30003C57F /* background_cicle.png in Resources */ = {isa = PBXBuildFile; fileRef = 68982EC91B8A22E30003C57F /* background_cicle.png */; };
		68982EE81B8A22E30003C57F /* background_mtv.png in Resources */ = {isa = PBXBuildFile; fileRef = 68982ECA1B8A22E30003C57F /* background_mtv.png */; };
		68982EE91B8A22E30003C57F /* bg_big_button.png in Resources */ = {isa = PBXBuildFile; fileRef = 68982ECB1B8A22E30003C57F /* bg_big_button.png */; };
		68982EEA1B8A22E30003C57F /* bg_button.png in Resources */ = {isa = PBXBuildFile; fileRef = 68982ECC1B8A22E30003C57F /* bg_button.png */; };
		68982EEB1B8A22E30003C57F /* button_bravo.png in Resources */ = {isa = PBXBuildFile; fileRef = 68982ECD1B8A22E30003C57F /* button_bravo.png */; };
		68982EEC1B8A22E30003C57F /* button_cakhucbathuu.png in Resources */ = {isa = PBXBuildFile; fileRef = 68982ECE1B8A22E30003C57F /* button_cakhucbathuu.png */; };
		68982EED1B8A22E30003C57F /* button_danceremix.png in Resources */ = {isa = PBXBuildFile; fileRef = 68982ECF1B8A22E30003C57F /* button_danceremix.png */; };
		68982EEE1B8A22E30003C57F /* button_dislike.png in Resources */ = {isa = PBXBuildFile; fileRef = 68982ED01B8A22E30003C57F /* button_dislike.png */; };
		68982EEF1B8A22E30003C57F /* button_like.png in Resources */ = {isa = PBXBuildFile; fileRef = 68982ED11B8A22E30003C57F /* button_like.png */; };
		68982EF01B8A22E30003C57F /* button_lips.png in Resources */ = {isa = PBXBuildFile; fileRef = 68982ED21B8A22E30003C57F /* button_lips.png */; };
		68982EF11B8A22E30003C57F /* button_menu.png in Resources */ = {isa = PBXBuildFile; fileRef = 68982ED31B8A22E30003C57F /* button_menu.png */; };
		68982EF21B8A22E30003C57F /* button_next.png in Resources */ = {isa = PBXBuildFile; fileRef = 68982ED41B8A22E30003C57F /* button_next.png */; };
		68982EF31B8A22E30003C57F /* button_nhacrap.png in Resources */ = {isa = PBXBuildFile; fileRef = 68982ED51B8A22E30003C57F /* button_nhacrap.png */; };
		68982EF41B8A22E30003C57F /* button_play.png in Resources */ = {isa = PBXBuildFile; fileRef = 68982ED61B8A22E30003C57F /* button_play.png */; };
		68982EF51B8A22E30003C57F /* button_refresh.png in Resources */ = {isa = PBXBuildFile; fileRef = 68982ED71B8A22E30003C57F /* button_refresh.png */; };
		68982EF61B8A22E30003C57F /* button_rum.png in Resources */ = {isa = PBXBuildFile; fileRef = 68982ED81B8A22E30003C57F /* button_rum.png */; };
		68982EF71B8A22E30003C57F /* button_settings.png in Resources */ = {isa = PBXBuildFile; fileRef = 68982ED91B8A22E30003C57F /* button_settings.png */; };
		68982EF81B8A22E30003C57F /* button_songca.png in Resources */ = {isa = PBXBuildFile; fileRef = 68982EDA1B8A22E30003C57F /* button_songca.png */; };
		68982EF91B8A22E30003C57F /* button_tienganh.png in Resources */ = {isa = PBXBuildFile; fileRef = 68982EDB1B8A22E30003C57F /* button_tienganh.png */; };
		68982EFA1B8A22E30003C57F /* button_volume.png in Resources */ = {isa = PBXBuildFile; fileRef = 68982EDC1B8A22E30003C57F /* button_volume.png */; };
		68982EFB1B8A22E30003C57F /* button_wifi.png in Resources */ = {isa = PBXBuildFile; fileRef = 68982EDD1B8A22E30003C57F /* button_wifi.png */; };
		68982EFC1B8A22E30003C57F /* logo_ana.png in Resources */ = {isa = PBXBuildFile; fileRef = 68982EDE1B8A22E30003C57F /* logo_ana.png */; };
		68982EFD1B8A22E30003C57F /* logo_hifi.png in Resources */ = {isa = PBXBuildFile; fileRef = 68982EDF1B8A22E30003C57F /* logo_hifi.png */; };
		68982EFE1B8A22E30003C57F /* logo_magnifying.png in Resources */ = {isa = PBXBuildFile; fileRef = 68982EE01B8A22E30003C57F /* logo_magnifying.png */; };
		68982EFF1B8A22E30003C57F /* logo_music.png in Resources */ = {isa = PBXBuildFile; fileRef = 68982EE11B8A22E30003C57F /* logo_music.png */; };
		68982F001B8A22E30003C57F /* logo_seach_song.png in Resources */ = {isa = PBXBuildFile; fileRef = 68982EE21B8A22E30003C57F /* logo_seach_song.png */; };
		68982F011B8A22E30003C57F /* logo_search_name.png in Resources */ = {isa = PBXBuildFile; fileRef = 68982EE31B8A22E30003C57F /* logo_search_name.png */; };
		68982F041B8A23380003C57F /* background_iphone.png in Resources */ = {isa = PBXBuildFile; fileRef = 68982F031B8A23380003C57F /* background_iphone.png */; };
		68982F061B8A23F30003C57F /* header@2x.png in Resources */ = {isa = PBXBuildFile; fileRef = 68982F051B8A23F30003C57F /* header@2x.png */; };
		68982F081B8A27780003C57F /* background_child.png in Resources */ = {isa = PBXBuildFile; fileRef = 68982F071B8A27780003C57F /* background_child.png */; };
		68982F0D1B8A28490003C57F /* button_dachon.png in Resources */ = {isa = PBXBuildFile; fileRef = 68982F091B8A28490003C57F /* button_dachon.png */; };
		68982F0E1B8A28490003C57F /* button_theloai.png in Resources */ = {isa = PBXBuildFile; fileRef = 68982F0A1B8A28490003C57F /* button_theloai.png */; };
		68982F0F1B8A28490003C57F /* button_casi.png in Resources */ = {isa = PBXBuildFile; fileRef = 68982F0B1B8A28490003C57F /* button_casi.png */; };
		68982F101B8A28490003C57F /* button_baihat.png in Resources */ = {isa = PBXBuildFile; fileRef = 68982F0C1B8A28490003C57F /* button_baihat.png */; };
		68982F121B8A2A7F0003C57F /* textfield_iphone.png in Resources */ = {isa = PBXBuildFile; fileRef = 68982F111B8A2A7F0003C57F /* textfield_iphone.png */; };
		68982F141B8A2B660003C57F /* kinhkup_iphone.png in Resources */ = {isa = PBXBuildFile; fileRef = 68982F131B8A2B660003C57F /* kinhkup_iphone.png */; };
		68982F161B8A2DD50003C57F /* button_caidat.png in Resources */ = {isa = PBXBuildFile; fileRef = 68982F151B8A2DD50003C57F /* button_caidat.png */; };
		68982F181B8A33520003C57F /* button_amthanh.png in Resources */ = {isa = PBXBuildFile; fileRef = 68982F171B8A33520003C57F /* button_amthanh.png */; };
		68982F1B1B8A339F0003C57F /* button_khongthich.png in Resources */ = {isa = PBXBuildFile; fileRef = 68982F191B8A339F0003C57F /* button_khongthich.png */; };
		68982F1C1B8A339F0003C57F /* button_thich.png in Resources */ = {isa = PBXBuildFile; fileRef = 68982F1A1B8A339F0003C57F /* button_thich.png */; };
		689D095A1B86130B00D5C97B /* Main_iPhone.storyboard in Resources */ = {isa = PBXBuildFile; fileRef = 689D09591B86130B00D5C97B /* Main_iPhone.storyboard */; };
		689D095F1B86133400D5C97B /* MainViewController.m in Sources */ = {isa = PBXBuildFile; fileRef = 689D095E1B86133400D5C97B /* MainViewController.m */; };
		689D09631B8616AC00D5C97B /* Main_iPad.storyboard in Resources */ = {isa = PBXBuildFile; fileRef = 689D09621B8616AC00D5C97B /* Main_iPad.storyboard */; };
		689F0E1D1B8810B400B5BF88 /* TableViewCellSong_iPad.m in Sources */ = {isa = PBXBuildFile; fileRef = 689F0E1B1B8810B400B5BF88 /* TableViewCellSong_iPad.m */; };
		689F0E1E1B8810B400B5BF88 /* TableViewCellSong_iPad.xib in Resources */ = {isa = PBXBuildFile; fileRef = 689F0E1C1B8810B400B5BF88 /* TableViewCellSong_iPad.xib */; };
		68A703351B8AC6580091E84A /* drum.png in Resources */ = {isa = PBXBuildFile; fileRef = 68A703331B8AC6580091E84A /* drum.png */; };
		68A703361B8AC6580091E84A /* lips.png in Resources */ = {isa = PBXBuildFile; fileRef = 68A703341B8AC6580091E84A /* lips.png */; };
		68A703381B8ACC050091E84A /* layermusic.png in Resources */ = {isa = PBXBuildFile; fileRef = 68A703371B8ACC050091E84A /* layermusic.png */; };
		68A7033B1B8ACC810091E84A /* hifisystem.png in Resources */ = {isa = PBXBuildFile; fileRef = 68A703391B8ACC810091E84A /* hifisystem.png */; };
		68A7033C1B8ACC810091E84A /* analogo.png in Resources */ = {isa = PBXBuildFile; fileRef = 68A7033A1B8ACC810091E84A /* analogo.png */; };
		68A7033E1B8AD0DB0091E84A /* next.png in Resources */ = {isa = PBXBuildFile; fileRef = 68A7033D1B8AD0DB0091E84A /* next.png */; };
		68A703411B8AD0E60091E84A /* rfresh.png in Resources */ = {isa = PBXBuildFile; fileRef = 68A7033F1B8AD0E60091E84A /* rfresh.png */; };
		68A703421B8AD0E60091E84A /* backgroundrfresh.png in Resources */ = {isa = PBXBuildFile; fileRef = 68A703401B8AD0E60091E84A /* backgroundrfresh.png */; };
		68A703451B8AD3170091E84A /* button_choi.png in Resources */ = {isa = PBXBuildFile; fileRef = 68A703431B8AD3170091E84A /* button_choi.png */; };
		68A703461B8AD3170091E84A /* background_choi.png in Resources */ = {isa = PBXBuildFile; fileRef = 68A703441B8AD3170091E84A /* background_choi.png */; };
		68AC02B11B8C4A74003F2316 /* SystemConfiguration.framework in Frameworks */ = {isa = PBXBuildFile; fileRef = 68AC02AF1B8C4A6B003F2316 /* SystemConfiguration.framework */; };
		68AC02B21B8C4A74003F2316 /* CFNetwork.framework in Frameworks */ = {isa = PBXBuildFile; fileRef = 68AC02AD1B8C4A60003F2316 /* CFNetwork.framework */; };
		68AC02B81B8C4AA4003F2316 /* GCDAsyncSocket.m in Sources */ = {isa = PBXBuildFile; fileRef = 68AC02B61B8C4AA4003F2316 /* GCDAsyncSocket.m */; };
		68AC02CB1B8C4ABF003F2316 /* NSString+DDXML.m in Sources */ = {isa = PBXBuildFile; fileRef = 68AC02BB1B8C4ABF003F2316 /* NSString+DDXML.m */; };
		68AC02CC1B8C4ABF003F2316 /* DDXMLDocument.m in Sources */ = {isa = PBXBuildFile; fileRef = 68AC02BE1B8C4ABF003F2316 /* DDXMLDocument.m */; };
		68AC02CD1B8C4ABF003F2316 /* DDXMLElement.m in Sources */ = {isa = PBXBuildFile; fileRef = 68AC02C01B8C4ABF003F2316 /* DDXMLElement.m */; };
		68AC02CE1B8C4ABF003F2316 /* DDXMLNode.m in Sources */ = {isa = PBXBuildFile; fileRef = 68AC02C21B8C4ABF003F2316 /* DDXMLNode.m */; };
		68AC02CF1B8C4ABF003F2316 /* NSData+XMPP.m in Sources */ = {isa = PBXBuildFile; fileRef = 68AC02C41B8C4ABF003F2316 /* NSData+XMPP.m */; };
		68AC02D01B8C4ABF003F2316 /* NSNumber+XMPP.m in Sources */ = {isa = PBXBuildFile; fileRef = 68AC02C61B8C4ABF003F2316 /* NSNumber+XMPP.m */; };
		68AC02D11B8C4ABF003F2316 /* NSXMLElement+XMPP.m in Sources */ = {isa = PBXBuildFile; fileRef = 68AC02C81B8C4ABF003F2316 /* NSXMLElement+XMPP.m */; };
		68AC02D41B8C4ADE003F2316 /* libxml2.dylib in Frameworks */ = {isa = PBXBuildFile; fileRef = 68AC02D21B8C4AD6003F2316 /* libxml2.dylib */; };
		68AC02D81B8C4BC2003F2316 /* XMLPackets.m in Sources */ = {isa = PBXBuildFile; fileRef = 68AC02D71B8C4BC2003F2316 /* XMLPackets.m */; };
		68AC02DB1B8C4D2C003F2316 /* ConnectTCP.m in Sources */ = {isa = PBXBuildFile; fileRef = 68AC02DA1B8C4D2C003F2316 /* ConnectTCP.m */; };
		68AC02E51B8C5076003F2316 /* Device.m in Sources */ = {isa = PBXBuildFile; fileRef = 68AC02DE1B8C5076003F2316 /* Device.m */; };
		68AC02E61B8C5076003F2316 /* ScanLAN.m in Sources */ = {isa = PBXBuildFile; fileRef = 68AC02E01B8C5076003F2316 /* ScanLAN.m */; };
		68AC02E71B8C5076003F2316 /* SimplePing.m in Sources */ = {isa = PBXBuildFile; fileRef = 68AC02E21B8C5076003F2316 /* SimplePing.m */; settings = {COMPILER_FLAGS = "-fno-objc-arc"; }; };
		68AC02E81B8C5076003F2316 /* SimplePingHelper.m in Sources */ = {isa = PBXBuildFile; fileRef = 68AC02E41B8C5076003F2316 /* SimplePingHelper.m */; settings = {COMPILER_FLAGS = "-fno-objc-arc"; }; };
		68AC02EB1B8C519B003F2316 /* ScanLANIP.m in Sources */ = {isa = PBXBuildFile; fileRef = 68AC02EA1B8C519B003F2316 /* ScanLANIP.m */; };
		68AC02F21B8C6C17003F2316 /* TableViewCellSong_iPhone.m in Sources */ = {isa = PBXBuildFile; fileRef = 68AC02F01B8C6C17003F2316 /* TableViewCellSong_iPhone.m */; };
		68AC02F31B8C6C17003F2316 /* TableViewCellSong_iPhone.xib in Resources */ = {isa = PBXBuildFile; fileRef = 68AC02F11B8C6C17003F2316 /* TableViewCellSong_iPhone.xib */; };
		68AC02F71B8C6CB1003F2316 /* traitim.png in Resources */ = {isa = PBXBuildFile; fileRef = 68AC02F61B8C6CB1003F2316 /* traitim.png */; };
		68B136541B858DDC001F4C64 /* main.m in Sources */ = {isa = PBXBuildFile; fileRef = 68B136531B858DDC001F4C64 /* main.m */; };
		68B136571B858DDC001F4C64 /* AppDelegate.m in Sources */ = {isa = PBXBuildFile; fileRef = 68B136561B858DDC001F4C64 /* AppDelegate.m */; };
		68B1365F1B858DDC001F4C64 /* Images.xcassets in Resources */ = {isa = PBXBuildFile; fileRef = 68B1365E1B858DDC001F4C64 /* Images.xcassets */; };
		68B1366E1B858DDC001F4C64 /* ANATests.m in Sources */ = {isa = PBXBuildFile; fileRef = 68B1366D1B858DDC001F4C64 /* ANATests.m */; };
		68C5E71F1B86DBBA00C2A58F /* ANACoreDataStoreage.m in Sources */ = {isa = PBXBuildFile; fileRef = 68C5E71D1B86DBBA00C2A58F /* ANACoreDataStoreage.m */; };
		68C5E7221B86DFA600C2A58F /* ImportSQLToCoreData.m in Sources */ = {isa = PBXBuildFile; fileRef = 68C5E7211B86DFA600C2A58F /* ImportSQLToCoreData.m */; };
		68C5E7271B86E0C900C2A58F /* Song_Sqlite.db in Resources */ = {isa = PBXBuildFile; fileRef = 68C5E7261B86E0C900C2A58F /* Song_Sqlite.db */; };
		68C5E72A1B86E36D00C2A58F /* Song_CoreData.xcdatamodeld in Sources */ = {isa = PBXBuildFile; fileRef = 68C5E7281B86E36D00C2A58F /* Song_CoreData.xcdatamodeld */; };
		68C5E72D1B86E47500C2A58F /* SQLiteExport.m in Sources */ = {isa = PBXBuildFile; fileRef = 68C5E72C1B86E47500C2A58F /* SQLiteExport.m */; };
		68C5E72F1B86E6DA00C2A58F /* libsqlite3.dylib in Frameworks */ = {isa = PBXBuildFile; fileRef = 68C5E72E1B86E6DA00C2A58F /* libsqlite3.dylib */; };
		68C5E7341B8707A100C2A58F /* LocalDataBase.m in Sources */ = {isa = PBXBuildFile; fileRef = 68C5E7331B8707A100C2A58F /* LocalDataBase.m */; };
		68C5E7381B870B4F00C2A58F /* Singer.m in Sources */ = {isa = PBXBuildFile; fileRef = 68C5E7371B870B4F00C2A58F /* Singer.m */; };
		68C5E73F1B87664600C2A58F /* CollectionViewName_iPad.m in Sources */ = {isa = PBXBuildFile; fileRef = 68C5E73E1B87664600C2A58F /* CollectionViewName_iPad.m */; };
		68C5E7431B876A1900C2A58F /* CollectionViewCellSinger_iPad.m in Sources */ = {isa = PBXBuildFile; fileRef = 68C5E7411B876A1900C2A58F /* CollectionViewCellSinger_iPad.m */; };
		68C5E7441B876A1900C2A58F /* CollectionViewCellSinger_iPad.xib in Resources */ = {isa = PBXBuildFile; fileRef = 68C5E7421B876A1900C2A58F /* CollectionViewCellSinger_iPad.xib */; };
		68C5E7481B876BBC00C2A58F /* SingerCell.m in Sources */ = {isa = PBXBuildFile; fileRef = 68C5E7471B876BBC00C2A58F /* SingerCell.m */; };
		68FAA0541B88B5A8007C517A /* SongType.m in Sources */ = {isa = PBXBuildFile; fileRef = 68FAA0531B88B5A8007C517A /* SongType.m */; };
		68FAA0571B88E6E4007C517A /* Song.m in Sources */ = {isa = PBXBuildFile; fileRef = 68FAA0561B88E6E4007C517A /* Song.m */; };
		68FAA05D1B88E72C007C517A /* GuoYu.m in Sources */ = {isa = PBXBuildFile; fileRef = 68FAA05C1B88E72C007C517A /* GuoYu.m */; };
		68FAA0631B88E8F2007C517A /* LiuXing.m in Sources */ = {isa = PBXBuildFile; fileRef = 68FAA0621B88E8F2007C517A /* LiuXing.m */; };
/* End PBXBuildFile section */

/* Begin PBXContainerItemProxy section */
		68B136681B858DDC001F4C64 /* PBXContainerItemProxy */ = {
			isa = PBXContainerItemProxy;
			containerPortal = 68B136461B858DDC001F4C64 /* Project object */;
			proxyType = 1;
			remoteGlobalIDString = 68B1364D1B858DDC001F4C64;
			remoteInfo = ANA;
		};
/* End PBXContainerItemProxy section */

/* Begin PBXFileReference section */
		68982EB61B89EBB70003C57F /* QingGe.h */ = {isa = PBXFileReference; fileEncoding = 4; lastKnownFileType = sourcecode.c.h; path = QingGe.h; sourceTree = "<group>"; };
		68982EB71B89EBB70003C57F /* QingGe.m */ = {isa = PBXFileReference; fileEncoding = 4; lastKnownFileType = sourcecode.c.objc; path = QingGe.m; sourceTree = "<group>"; };
		68982EB91B89EC900003C57F /* ZuHe.h */ = {isa = PBXFileReference; fileEncoding = 4; lastKnownFileType = sourcecode.c.h; path = ZuHe.h; sourceTree = "<group>"; };
		68982EBA1B89EC900003C57F /* ZuHe.m */ = {isa = PBXFileReference; fileEncoding = 4; lastKnownFileType = sourcecode.c.objc; path = ZuHe.m; sourceTree = "<group>"; };
		68982EBC1B89EFC90003C57F /* YueYu.h */ = {isa = PBXFileReference; fileEncoding = 4; lastKnownFileType = sourcecode.c.h; path = YueYu.h; sourceTree = "<group>"; };
		68982EBD1B89EFC90003C57F /* YueYu.m */ = {isa = PBXFileReference; fileEncoding = 4; lastKnownFileType = sourcecode.c.objc; path = YueYu.m; sourceTree = "<group>"; };
		68982EBF1B89F2E60003C57F /* Zong.h */ = {isa = PBXFileReference; fileEncoding = 4; lastKnownFileType = sourcecode.c.h; path = Zong.h; sourceTree = "<group>"; };
		68982EC01B89F2E60003C57F /* Zong.m */ = {isa = PBXFileReference; fileEncoding = 4; lastKnownFileType = sourcecode.c.objc; path = Zong.m; sourceTree = "<group>"; };
		68982EC21B89F3AE0003C57F /* YueNan.h */ = {isa = PBXFileReference; fileEncoding = 4; lastKnownFileType = sourcecode.c.h; path = YueNan.h; sourceTree = "<group>"; };
		68982EC31B89F3AE0003C57F /* YueNan.m */ = {isa = PBXFileReference; fileEncoding = 4; lastKnownFileType = sourcecode.c.objc; path = YueNan.m; sourceTree = "<group>"; };
		68982EC61B8A22E30003C57F /* avatar_placeholder.png */ = {isa = PBXFileReference; lastKnownFileType = image.png; path = avatar_placeholder.png; sourceTree = "<group>"; };
		68982EC71B8A22E30003C57F /* background.png */ = {isa = PBXFileReference; lastKnownFileType = image.png; path = background.png; sourceTree = "<group>"; };
		68982EC81B8A22E30003C57F /* background_cell.png */ = {isa = PBXFileReference; lastKnownFileType = image.png; path = background_cell.png; sourceTree = "<group>"; };
		68982EC91B8A22E30003C57F /* background_cicle.png */ = {isa = PBXFileReference; lastKnownFileType = image.png; path = background_cicle.png; sourceTree = "<group>"; };
		68982ECA1B8A22E30003C57F /* background_mtv.png */ = {isa = PBXFileReference; lastKnownFileType = image.png; path = background_mtv.png; sourceTree = "<group>"; };
		68982ECB1B8A22E30003C57F /* bg_big_button.png */ = {isa = PBXFileReference; lastKnownFileType = image.png; path = bg_big_button.png; sourceTree = "<group>"; };
		68982ECC1B8A22E30003C57F /* bg_button.png */ = {isa = PBXFileReference; lastKnownFileType = image.png; path = bg_button.png; sourceTree = "<group>"; };
		68982ECD1B8A22E30003C57F /* button_bravo.png */ = {isa = PBXFileReference; lastKnownFileType = image.png; path = button_bravo.png; sourceTree = "<group>"; };
		68982ECE1B8A22E30003C57F /* button_cakhucbathuu.png */ = {isa = PBXFileReference; lastKnownFileType = image.png; path = button_cakhucbathuu.png; sourceTree = "<group>"; };
		68982ECF1B8A22E30003C57F /* button_danceremix.png */ = {isa = PBXFileReference; lastKnownFileType = image.png; path = button_danceremix.png; sourceTree = "<group>"; };
		68982ED01B8A22E30003C57F /* button_dislike.png */ = {isa = PBXFileReference; lastKnownFileType = image.png; path = button_dislike.png; sourceTree = "<group>"; };
		68982ED11B8A22E30003C57F /* button_like.png */ = {isa = PBXFileReference; lastKnownFileType = image.png; path = button_like.png; sourceTree = "<group>"; };
		68982ED21B8A22E30003C57F /* button_lips.png */ = {isa = PBXFileReference; lastKnownFileType = image.png; path = button_lips.png; sourceTree = "<group>"; };
		68982ED31B8A22E30003C57F /* button_menu.png */ = {isa = PBXFileReference; lastKnownFileType = image.png; path = button_menu.png; sourceTree = "<group>"; };
		68982ED41B8A22E30003C57F /* button_next.png */ = {isa = PBXFileReference; lastKnownFileType = image.png; path = button_next.png; sourceTree = "<group>"; };
		68982ED51B8A22E30003C57F /* button_nhacrap.png */ = {isa = PBXFileReference; lastKnownFileType = image.png; path = button_nhacrap.png; sourceTree = "<group>"; };
		68982ED61B8A22E30003C57F /* button_play.png */ = {isa = PBXFileReference; lastKnownFileType = image.png; path = button_play.png; sourceTree = "<group>"; };
		68982ED71B8A22E30003C57F /* button_refresh.png */ = {isa = PBXFileReference; lastKnownFileType = image.png; path = button_refresh.png; sourceTree = "<group>"; };
		68982ED81B8A22E30003C57F /* button_rum.png */ = {isa = PBXFileReference; lastKnownFileType = image.png; path = button_rum.png; sourceTree = "<group>"; };
		68982ED91B8A22E30003C57F /* button_settings.png */ = {isa = PBXFileReference; lastKnownFileType = image.png; path = button_settings.png; sourceTree = "<group>"; };
		68982EDA1B8A22E30003C57F /* button_songca.png */ = {isa = PBXFileReference; lastKnownFileType = image.png; path = button_songca.png; sourceTree = "<group>"; };
		68982EDB1B8A22E30003C57F /* button_tienganh.png */ = {isa = PBXFileReference; lastKnownFileType = image.png; path = button_tienganh.png; sourceTree = "<group>"; };
		68982EDC1B8A22E30003C57F /* button_volume.png */ = {isa = PBXFileReference; lastKnownFileType = image.png; path = button_volume.png; sourceTree = "<group>"; };
		68982EDD1B8A22E30003C57F /* button_wifi.png */ = {isa = PBXFileReference; lastKnownFileType = image.png; path = button_wifi.png; sourceTree = "<group>"; };
		68982EDE1B8A22E30003C57F /* logo_ana.png */ = {isa = PBXFileReference; lastKnownFileType = image.png; path = logo_ana.png; sourceTree = "<group>"; };
		68982EDF1B8A22E30003C57F /* logo_hifi.png */ = {isa = PBXFileReference; lastKnownFileType = image.png; path = logo_hifi.png; sourceTree = "<group>"; };
		68982EE01B8A22E30003C57F /* logo_magnifying.png */ = {isa = PBXFileReference; lastKnownFileType = image.png; path = logo_magnifying.png; sourceTree = "<group>"; };
		68982EE11B8A22E30003C57F /* logo_music.png */ = {isa = PBXFileReference; lastKnownFileType = image.png; path = logo_music.png; sourceTree = "<group>"; };
		68982EE21B8A22E30003C57F /* logo_seach_song.png */ = {isa = PBXFileReference; lastKnownFileType = image.png; path = logo_seach_song.png; sourceTree = "<group>"; };
		68982EE31B8A22E30003C57F /* logo_search_name.png */ = {isa = PBXFileReference; lastKnownFileType = image.png; path = logo_search_name.png; sourceTree = "<group>"; };
		68982F031B8A23380003C57F /* background_iphone.png */ = {isa = PBXFileReference; lastKnownFileType = image.png; path = background_iphone.png; sourceTree = "<group>"; };
		68982F051B8A23F30003C57F /* header@2x.png */ = {isa = PBXFileReference; lastKnownFileType = image.png; path = "header@2x.png"; sourceTree = "<group>"; };
		68982F071B8A27780003C57F /* background_child.png */ = {isa = PBXFileReference; lastKnownFileType = image.png; path = background_child.png; sourceTree = "<group>"; };
		68982F091B8A28490003C57F /* button_dachon.png */ = {isa = PBXFileReference; lastKnownFileType = image.png; path = button_dachon.png; sourceTree = "<group>"; };
		68982F0A1B8A28490003C57F /* button_theloai.png */ = {isa = PBXFileReference; lastKnownFileType = image.png; path = button_theloai.png; sourceTree = "<group>"; };
		68982F0B1B8A28490003C57F /* button_casi.png */ = {isa = PBXFileReference; lastKnownFileType = image.png; path = button_casi.png; sourceTree = "<group>"; };
		68982F0C1B8A28490003C57F /* button_baihat.png */ = {isa = PBXFileReference; lastKnownFileType = image.png; path = button_baihat.png; sourceTree = "<group>"; };
		68982F111B8A2A7F0003C57F /* textfield_iphone.png */ = {isa = PBXFileReference; lastKnownFileType = image.png; path = textfield_iphone.png; sourceTree = "<group>"; };
		68982F131B8A2B660003C57F /* kinhkup_iphone.png */ = {isa = PBXFileReference; lastKnownFileType = image.png; path = kinhkup_iphone.png; sourceTree = "<group>"; };
		68982F151B8A2DD50003C57F /* button_caidat.png */ = {isa = PBXFileReference; lastKnownFileType = image.png; path = button_caidat.png; sourceTree = "<group>"; };
		68982F171B8A33520003C57F /* button_amthanh.png */ = {isa = PBXFileReference; lastKnownFileType = image.png; path = button_amthanh.png; sourceTree = "<group>"; };
		68982F191B8A339F0003C57F /* button_khongthich.png */ = {isa = PBXFileReference; lastKnownFileType = image.png; path = button_khongthich.png; sourceTree = "<group>"; };
		68982F1A1B8A339F0003C57F /* button_thich.png */ = {isa = PBXFileReference; lastKnownFileType = image.png; path = button_thich.png; sourceTree = "<group>"; };
		689D09591B86130B00D5C97B /* Main_iPhone.storyboard */ = {isa = PBXFileReference; fileEncoding = 4; lastKnownFileType = file.storyboard; path = Main_iPhone.storyboard; sourceTree = "<group>"; };
		689D095D1B86133400D5C97B /* MainViewController.h */ = {isa = PBXFileReference; fileEncoding = 4; lastKnownFileType = sourcecode.c.h; name = MainViewController.h; path = Controller/MainViewController.h; sourceTree = SOURCE_ROOT; };
		689D095E1B86133400D5C97B /* MainViewController.m */ = {isa = PBXFileReference; fileEncoding = 4; lastKnownFileType = sourcecode.c.objc; name = MainViewController.m; path = Controller/MainViewController.m; sourceTree = SOURCE_ROOT; };
		689D09621B8616AC00D5C97B /* Main_iPad.storyboard */ = {isa = PBXFileReference; fileEncoding = 4; lastKnownFileType = file.storyboard; path = Main_iPad.storyboard; sourceTree = "<group>"; };
		689F0E1A1B8810B400B5BF88 /* TableViewCellSong_iPad.h */ = {isa = PBXFileReference; fileEncoding = 4; lastKnownFileType = sourcecode.c.h; path = TableViewCellSong_iPad.h; sourceTree = "<group>"; };
		689F0E1B1B8810B400B5BF88 /* TableViewCellSong_iPad.m */ = {isa = PBXFileReference; fileEncoding = 4; lastKnownFileType = sourcecode.c.objc; path = TableViewCellSong_iPad.m; sourceTree = "<group>"; };
		689F0E1C1B8810B400B5BF88 /* TableViewCellSong_iPad.xib */ = {isa = PBXFileReference; fileEncoding = 4; lastKnownFileType = file.xib; path = TableViewCellSong_iPad.xib; sourceTree = "<group>"; };
		68A703331B8AC6580091E84A /* drum.png */ = {isa = PBXFileReference; lastKnownFileType = image.png; path = drum.png; sourceTree = "<group>"; };
		68A703341B8AC6580091E84A /* lips.png */ = {isa = PBXFileReference; lastKnownFileType = image.png; path = lips.png; sourceTree = "<group>"; };
		68A703371B8ACC050091E84A /* layermusic.png */ = {isa = PBXFileReference; lastKnownFileType = image.png; path = layermusic.png; sourceTree = "<group>"; };
		68A703391B8ACC810091E84A /* hifisystem.png */ = {isa = PBXFileReference; lastKnownFileType = image.png; path = hifisystem.png; sourceTree = "<group>"; };
		68A7033A1B8ACC810091E84A /* analogo.png */ = {isa = PBXFileReference; lastKnownFileType = image.png; path = analogo.png; sourceTree = "<group>"; };
		68A7033D1B8AD0DB0091E84A /* next.png */ = {isa = PBXFileReference; lastKnownFileType = image.png; path = next.png; sourceTree = "<group>"; };
		68A7033F1B8AD0E60091E84A /* rfresh.png */ = {isa = PBXFileReference; lastKnownFileType = image.png; path = rfresh.png; sourceTree = "<group>"; };
		68A703401B8AD0E60091E84A /* backgroundrfresh.png */ = {isa = PBXFileReference; lastKnownFileType = image.png; path = backgroundrfresh.png; sourceTree = "<group>"; };
		68A703431B8AD3170091E84A /* button_choi.png */ = {isa = PBXFileReference; lastKnownFileType = image.png; path = button_choi.png; sourceTree = "<group>"; };
		68A703441B8AD3170091E84A /* background_choi.png */ = {isa = PBXFileReference; lastKnownFileType = image.png; path = background_choi.png; sourceTree = "<group>"; };
		68AC02AD1B8C4A60003F2316 /* CFNetwork.framework */ = {isa = PBXFileReference; lastKnownFileType = wrapper.framework; name = CFNetwork.framework; path = System/Library/Frameworks/CFNetwork.framework; sourceTree = SDKROOT; };
		68AC02AF1B8C4A6B003F2316 /* SystemConfiguration.framework */ = {isa = PBXFileReference; lastKnownFileType = wrapper.framework; name = SystemConfiguration.framework; path = System/Library/Frameworks/SystemConfiguration.framework; sourceTree = SDKROOT; };
		68AC02B51B8C4AA4003F2316 /* GCDAsyncSocket.h */ = {isa = PBXFileReference; fileEncoding = 4; lastKnownFileType = sourcecode.c.h; path = GCDAsyncSocket.h; sourceTree = "<group>"; };
		68AC02B61B8C4AA4003F2316 /* GCDAsyncSocket.m */ = {isa = PBXFileReference; fileEncoding = 4; lastKnownFileType = sourcecode.c.objc; path = GCDAsyncSocket.m; sourceTree = "<group>"; };
		68AC02BA1B8C4ABF003F2316 /* NSString+DDXML.h */ = {isa = PBXFileReference; fileEncoding = 4; lastKnownFileType = sourcecode.c.h; path = "NSString+DDXML.h"; sourceTree = "<group>"; };
		68AC02BB1B8C4ABF003F2316 /* NSString+DDXML.m */ = {isa = PBXFileReference; fileEncoding = 4; lastKnownFileType = sourcecode.c.objc; path = "NSString+DDXML.m"; sourceTree = "<group>"; };
		68AC02BC1B8C4ABF003F2316 /* DDXML.h */ = {isa = PBXFileReference; fileEncoding = 4; lastKnownFileType = sourcecode.c.h; path = DDXML.h; sourceTree = "<group>"; };
		68AC02BD1B8C4ABF003F2316 /* DDXMLDocument.h */ = {isa = PBXFileReference; fileEncoding = 4; lastKnownFileType = sourcecode.c.h; path = DDXMLDocument.h; sourceTree = "<group>"; };
		68AC02BE1B8C4ABF003F2316 /* DDXMLDocument.m */ = {isa = PBXFileReference; fileEncoding = 4; lastKnownFileType = sourcecode.c.objc; path = DDXMLDocument.m; sourceTree = "<group>"; };
		68AC02BF1B8C4ABF003F2316 /* DDXMLElement.h */ = {isa = PBXFileReference; fileEncoding = 4; lastKnownFileType = sourcecode.c.h; path = DDXMLElement.h; sourceTree = "<group>"; };
		68AC02C01B8C4ABF003F2316 /* DDXMLElement.m */ = {isa = PBXFileReference; fileEncoding = 4; lastKnownFileType = sourcecode.c.objc; path = DDXMLElement.m; sourceTree = "<group>"; };
		68AC02C11B8C4ABF003F2316 /* DDXMLNode.h */ = {isa = PBXFileReference; fileEncoding = 4; lastKnownFileType = sourcecode.c.h; path = DDXMLNode.h; sourceTree = "<group>"; };
		68AC02C21B8C4ABF003F2316 /* DDXMLNode.m */ = {isa = PBXFileReference; fileEncoding = 4; lastKnownFileType = sourcecode.c.objc; path = DDXMLNode.m; sourceTree = "<group>"; };
		68AC02C31B8C4ABF003F2316 /* NSData+XMPP.h */ = {isa = PBXFileReference; fileEncoding = 4; lastKnownFileType = sourcecode.c.h; path = "NSData+XMPP.h"; sourceTree = "<group>"; };
		68AC02C41B8C4ABF003F2316 /* NSData+XMPP.m */ = {isa = PBXFileReference; fileEncoding = 4; lastKnownFileType = sourcecode.c.objc; path = "NSData+XMPP.m"; sourceTree = "<group>"; };
		68AC02C51B8C4ABF003F2316 /* NSNumber+XMPP.h */ = {isa = PBXFileReference; fileEncoding = 4; lastKnownFileType = sourcecode.c.h; path = "NSNumber+XMPP.h"; sourceTree = "<group>"; };
		68AC02C61B8C4ABF003F2316 /* NSNumber+XMPP.m */ = {isa = PBXFileReference; fileEncoding = 4; lastKnownFileType = sourcecode.c.objc; path = "NSNumber+XMPP.m"; sourceTree = "<group>"; };
		68AC02C71B8C4ABF003F2316 /* NSXMLElement+XMPP.h */ = {isa = PBXFileReference; fileEncoding = 4; lastKnownFileType = sourcecode.c.h; path = "NSXMLElement+XMPP.h"; sourceTree = "<group>"; };
		68AC02C81B8C4ABF003F2316 /* NSXMLElement+XMPP.m */ = {isa = PBXFileReference; fileEncoding = 4; lastKnownFileType = sourcecode.c.objc; path = "NSXMLElement+XMPP.m"; sourceTree = "<group>"; };
		68AC02CA1B8C4ABF003F2316 /* DDXMLPrivate.h */ = {isa = PBXFileReference; fileEncoding = 4; lastKnownFileType = sourcecode.c.h; path = DDXMLPrivate.h; sourceTree = "<group>"; };
		68AC02D21B8C4AD6003F2316 /* libxml2.dylib */ = {isa = PBXFileReference; lastKnownFileType = "compiled.mach-o.dylib"; name = libxml2.dylib; path = usr/lib/libxml2.dylib; sourceTree = SDKROOT; };
		68AC02D61B8C4BC2003F2316 /* XMLPackets.h */ = {isa = PBXFileReference; fileEncoding = 4; lastKnownFileType = sourcecode.c.h; path = XMLPackets.h; sourceTree = "<group>"; };
		68AC02D71B8C4BC2003F2316 /* XMLPackets.m */ = {isa = PBXFileReference; fileEncoding = 4; lastKnownFileType = sourcecode.c.objc; path = XMLPackets.m; sourceTree = "<group>"; };
		68AC02D91B8C4D2C003F2316 /* ConnectTCP.h */ = {isa = PBXFileReference; fileEncoding = 4; lastKnownFileType = sourcecode.c.h; path = ConnectTCP.h; sourceTree = "<group>"; };
		68AC02DA1B8C4D2C003F2316 /* ConnectTCP.m */ = {isa = PBXFileReference; fileEncoding = 4; lastKnownFileType = sourcecode.c.objc; path = ConnectTCP.m; sourceTree = "<group>"; };
		68AC02DD1B8C5076003F2316 /* Device.h */ = {isa = PBXFileReference; fileEncoding = 4; lastKnownFileType = sourcecode.c.h; path = Device.h; sourceTree = "<group>"; };
		68AC02DE1B8C5076003F2316 /* Device.m */ = {isa = PBXFileReference; fileEncoding = 4; lastKnownFileType = sourcecode.c.objc; path = Device.m; sourceTree = "<group>"; };
		68AC02DF1B8C5076003F2316 /* ScanLAN.h */ = {isa = PBXFileReference; fileEncoding = 4; lastKnownFileType = sourcecode.c.h; path = ScanLAN.h; sourceTree = "<group>"; };
		68AC02E01B8C5076003F2316 /* ScanLAN.m */ = {isa = PBXFileReference; fileEncoding = 4; lastKnownFileType = sourcecode.c.objc; path = ScanLAN.m; sourceTree = "<group>"; };
		68AC02E11B8C5076003F2316 /* SimplePing.h */ = {isa = PBXFileReference; fileEncoding = 4; lastKnownFileType = sourcecode.c.h; path = SimplePing.h; sourceTree = "<group>"; };
		68AC02E21B8C5076003F2316 /* SimplePing.m */ = {isa = PBXFileReference; fileEncoding = 4; lastKnownFileType = sourcecode.c.objc; path = SimplePing.m; sourceTree = "<group>"; };
		68AC02E31B8C5076003F2316 /* SimplePingHelper.h */ = {isa = PBXFileReference; fileEncoding = 4; lastKnownFileType = sourcecode.c.h; path = SimplePingHelper.h; sourceTree = "<group>"; };
		68AC02E41B8C5076003F2316 /* SimplePingHelper.m */ = {isa = PBXFileReference; fileEncoding = 4; lastKnownFileType = sourcecode.c.objc; path = SimplePingHelper.m; sourceTree = "<group>"; };
		68AC02E91B8C519B003F2316 /* ScanLANIP.h */ = {isa = PBXFileReference; fileEncoding = 4; lastKnownFileType = sourcecode.c.h; path = ScanLANIP.h; sourceTree = "<group>"; };
		68AC02EA1B8C519B003F2316 /* ScanLANIP.m */ = {isa = PBXFileReference; fileEncoding = 4; lastKnownFileType = sourcecode.c.objc; path = ScanLANIP.m; sourceTree = "<group>"; };
		68AC02EF1B8C6C17003F2316 /* TableViewCellSong_iPhone.h */ = {isa = PBXFileReference; fileEncoding = 4; lastKnownFileType = sourcecode.c.h; path = TableViewCellSong_iPhone.h; sourceTree = "<group>"; };
		68AC02F01B8C6C17003F2316 /* TableViewCellSong_iPhone.m */ = {isa = PBXFileReference; fileEncoding = 4; lastKnownFileType = sourcecode.c.objc; path = TableViewCellSong_iPhone.m; sourceTree = "<group>"; };
		68AC02F11B8C6C17003F2316 /* TableViewCellSong_iPhone.xib */ = {isa = PBXFileReference; fileEncoding = 4; lastKnownFileType = file.xib; path = TableViewCellSong_iPhone.xib; sourceTree = "<group>"; };
		68AC02F61B8C6CB1003F2316 /* traitim.png */ = {isa = PBXFileReference; lastKnownFileType = image.png; path = traitim.png; sourceTree = "<group>"; };
		68B1364E1B858DDC001F4C64 /* ANA.app */ = {isa = PBXFileReference; explicitFileType = wrapper.application; includeInIndex = 0; path = ANA.app; sourceTree = BUILT_PRODUCTS_DIR; };
		68B136521B858DDC001F4C64 /* Info.plist */ = {isa = PBXFileReference; lastKnownFileType = text.plist.xml; path = Info.plist; sourceTree = "<group>"; };
		68B136531B858DDC001F4C64 /* main.m */ = {isa = PBXFileReference; lastKnownFileType = sourcecode.c.objc; path = main.m; sourceTree = "<group>"; };
		68B136551B858DDC001F4C64 /* AppDelegate.h */ = {isa = PBXFileReference; lastKnownFileType = sourcecode.c.h; path = AppDelegate.h; sourceTree = "<group>"; };
		68B136561B858DDC001F4C64 /* AppDelegate.m */ = {isa = PBXFileReference; lastKnownFileType = sourcecode.c.objc; path = AppDelegate.m; sourceTree = "<group>"; };
		68B1365E1B858DDC001F4C64 /* Images.xcassets */ = {isa = PBXFileReference; lastKnownFileType = folder.assetcatalog; path = Images.xcassets; sourceTree = "<group>"; };
		68B136671B858DDC001F4C64 /* ANATests.xctest */ = {isa = PBXFileReference; explicitFileType = wrapper.cfbundle; includeInIndex = 0; path = ANATests.xctest; sourceTree = BUILT_PRODUCTS_DIR; };
		68B1366C1B858DDC001F4C64 /* Info.plist */ = {isa = PBXFileReference; lastKnownFileType = text.plist.xml; path = Info.plist; sourceTree = "<group>"; };
		68B1366D1B858DDC001F4C64 /* ANATests.m */ = {isa = PBXFileReference; lastKnownFileType = sourcecode.c.objc; path = ANATests.m; sourceTree = "<group>"; };
		68C5E71B1B86DBBA00C2A58F /* ANACoreDataStorageProtected.h */ = {isa = PBXFileReference; fileEncoding = 4; lastKnownFileType = sourcecode.c.h; path = ANACoreDataStorageProtected.h; sourceTree = "<group>"; };
		68C5E71C1B86DBBA00C2A58F /* ANACoreDataStoreage.h */ = {isa = PBXFileReference; fileEncoding = 4; lastKnownFileType = sourcecode.c.h; path = ANACoreDataStoreage.h; sourceTree = "<group>"; };
		68C5E71D1B86DBBA00C2A58F /* ANACoreDataStoreage.m */ = {isa = PBXFileReference; fileEncoding = 4; lastKnownFileType = sourcecode.c.objc; path = ANACoreDataStoreage.m; sourceTree = "<group>"; };
		68C5E7201B86DFA600C2A58F /* ImportSQLToCoreData.h */ = {isa = PBXFileReference; fileEncoding = 4; lastKnownFileType = sourcecode.c.h; path = ImportSQLToCoreData.h; sourceTree = "<group>"; };
		68C5E7211B86DFA600C2A58F /* ImportSQLToCoreData.m */ = {isa = PBXFileReference; fileEncoding = 4; lastKnownFileType = sourcecode.c.objc; path = ImportSQLToCoreData.m; sourceTree = "<group>"; };
		68C5E7261B86E0C900C2A58F /* Song_Sqlite.db */ = {isa = PBXFileReference; lastKnownFileType = file; path = Song_Sqlite.db; sourceTree = "<group>"; };
		68C5E7291B86E36D00C2A58F /* Song_CoreData.xcdatamodel */ = {isa = PBXFileReference; lastKnownFileType = wrapper.xcdatamodel; path = Song_CoreData.xcdatamodel; sourceTree = "<group>"; };
		68C5E72B1B86E47500C2A58F /* SQLiteExport.h */ = {isa = PBXFileReference; fileEncoding = 4; lastKnownFileType = sourcecode.c.h; path = SQLiteExport.h; sourceTree = "<group>"; };
		68C5E72C1B86E47500C2A58F /* SQLiteExport.m */ = {isa = PBXFileReference; fileEncoding = 4; lastKnownFileType = sourcecode.c.objc; path = SQLiteExport.m; sourceTree = "<group>"; };
		68C5E72E1B86E6DA00C2A58F /* libsqlite3.dylib */ = {isa = PBXFileReference; lastKnownFileType = "compiled.mach-o.dylib"; name = libsqlite3.dylib; path = usr/lib/libsqlite3.dylib; sourceTree = SDKROOT; };
		68C5E7311B86E73500C2A58F /* Constants.h */ = {isa = PBXFileReference; lastKnownFileType = sourcecode.c.h; path = Constants.h; sourceTree = "<group>"; };
		68C5E7321B8707A100C2A58F /* LocalDataBase.h */ = {isa = PBXFileReference; fileEncoding = 4; lastKnownFileType = sourcecode.c.h; path = LocalDataBase.h; sourceTree = "<group>"; };
		68C5E7331B8707A100C2A58F /* LocalDataBase.m */ = {isa = PBXFileReference; fileEncoding = 4; lastKnownFileType = sourcecode.c.objc; path = LocalDataBase.m; sourceTree = "<group>"; };
		68C5E7361B870B4F00C2A58F /* Singer.h */ = {isa = PBXFileReference; fileEncoding = 4; lastKnownFileType = sourcecode.c.h; path = Singer.h; sourceTree = "<group>"; };
		68C5E7371B870B4F00C2A58F /* Singer.m */ = {isa = PBXFileReference; fileEncoding = 4; lastKnownFileType = sourcecode.c.objc; path = Singer.m; sourceTree = "<group>"; };
		68C5E73D1B87664600C2A58F /* CollectionViewName_iPad.h */ = {isa = PBXFileReference; fileEncoding = 4; lastKnownFileType = sourcecode.c.h; path = CollectionViewName_iPad.h; sourceTree = "<group>"; };
		68C5E73E1B87664600C2A58F /* CollectionViewName_iPad.m */ = {isa = PBXFileReference; fileEncoding = 4; lastKnownFileType = sourcecode.c.objc; path = CollectionViewName_iPad.m; sourceTree = "<group>"; };
		68C5E7401B876A1900C2A58F /* CollectionViewCellSinger_iPad.h */ = {isa = PBXFileReference; fileEncoding = 4; lastKnownFileType = sourcecode.c.h; path = CollectionViewCellSinger_iPad.h; sourceTree = "<group>"; };
		68C5E7411B876A1900C2A58F /* CollectionViewCellSinger_iPad.m */ = {isa = PBXFileReference; fileEncoding = 4; lastKnownFileType = sourcecode.c.objc; path = CollectionViewCellSinger_iPad.m; sourceTree = "<group>"; };
		68C5E7421B876A1900C2A58F /* CollectionViewCellSinger_iPad.xib */ = {isa = PBXFileReference; fileEncoding = 4; lastKnownFileType = file.xib; path = CollectionViewCellSinger_iPad.xib; sourceTree = "<group>"; };
		68C5E7461B876BBC00C2A58F /* SingerCell.h */ = {isa = PBXFileReference; fileEncoding = 4; lastKnownFileType = sourcecode.c.h; path = SingerCell.h; sourceTree = "<group>"; };
		68C5E7471B876BBC00C2A58F /* SingerCell.m */ = {isa = PBXFileReference; fileEncoding = 4; lastKnownFileType = sourcecode.c.objc; path = SingerCell.m; sourceTree = "<group>"; };
		68FAA0521B88B5A8007C517A /* SongType.h */ = {isa = PBXFileReference; fileEncoding = 4; lastKnownFileType = sourcecode.c.h; path = SongType.h; sourceTree = "<group>"; };
		68FAA0531B88B5A8007C517A /* SongType.m */ = {isa = PBXFileReference; fileEncoding = 4; lastKnownFileType = sourcecode.c.objc; path = SongType.m; sourceTree = "<group>"; };
		68FAA0551B88E6E4007C517A /* Song.h */ = {isa = PBXFileReference; fileEncoding = 4; lastKnownFileType = sourcecode.c.h; path = Song.h; sourceTree = "<group>"; };
		68FAA0561B88E6E4007C517A /* Song.m */ = {isa = PBXFileReference; fileEncoding = 4; lastKnownFileType = sourcecode.c.objc; path = Song.m; sourceTree = "<group>"; };
		68FAA05B1B88E72C007C517A /* GuoYu.h */ = {isa = PBXFileReference; fileEncoding = 4; lastKnownFileType = sourcecode.c.h; path = GuoYu.h; sourceTree = "<group>"; };
		68FAA05C1B88E72C007C517A /* GuoYu.m */ = {isa = PBXFileReference; fileEncoding = 4; lastKnownFileType = sourcecode.c.objc; path = GuoYu.m; sourceTree = "<group>"; };
		68FAA0611B88E8F2007C517A /* LiuXing.h */ = {isa = PBXFileReference; fileEncoding = 4; lastKnownFileType = sourcecode.c.h; path = LiuXing.h; sourceTree = "<group>"; };
		68FAA0621B88E8F2007C517A /* LiuXing.m */ = {isa = PBXFileReference; fileEncoding = 4; lastKnownFileType = sourcecode.c.objc; path = LiuXing.m; sourceTree = "<group>"; };
/* End PBXFileReference section */

/* Begin PBXFrameworksBuildPhase section */
		68B1364B1B858DDC001F4C64 /* Frameworks */ = {
			isa = PBXFrameworksBuildPhase;
			buildActionMask = 2147483647;
			files = (
				68AC02D41B8C4ADE003F2316 /* libxml2.dylib in Frameworks */,
				68C5E72F1B86E6DA00C2A58F /* libsqlite3.dylib in Frameworks */,
				68AC02B11B8C4A74003F2316 /* SystemConfiguration.framework in Frameworks */,
				68AC02B21B8C4A74003F2316 /* CFNetwork.framework in Frameworks */,
			);
			runOnlyForDeploymentPostprocessing = 0;
		};
		68B136641B858DDC001F4C64 /* Frameworks */ = {
			isa = PBXFrameworksBuildPhase;
			buildActionMask = 2147483647;
			files = (
			);
			runOnlyForDeploymentPostprocessing = 0;
		};
/* End PBXFrameworksBuildPhase section */

/* Begin PBXGroup section */
		68982EC51B8A22E30003C57F /* Resource_iPad */ = {
			isa = PBXGroup;
			children = (
				68982EC61B8A22E30003C57F /* avatar_placeholder.png */,
				68982EC71B8A22E30003C57F /* background.png */,
				68982EC81B8A22E30003C57F /* background_cell.png */,
				68982EC91B8A22E30003C57F /* background_cicle.png */,
				68982ECA1B8A22E30003C57F /* background_mtv.png */,
				68982ECB1B8A22E30003C57F /* bg_big_button.png */,
				68982ECC1B8A22E30003C57F /* bg_button.png */,
				68982ECD1B8A22E30003C57F /* button_bravo.png */,
				68982ECE1B8A22E30003C57F /* button_cakhucbathuu.png */,
				68982ECF1B8A22E30003C57F /* button_danceremix.png */,
				68982ED01B8A22E30003C57F /* button_dislike.png */,
				68982ED11B8A22E30003C57F /* button_like.png */,
				68982ED21B8A22E30003C57F /* button_lips.png */,
				68982ED31B8A22E30003C57F /* button_menu.png */,
				68982ED41B8A22E30003C57F /* button_next.png */,
				68982ED51B8A22E30003C57F /* button_nhacrap.png */,
				68982ED61B8A22E30003C57F /* button_play.png */,
				68982ED71B8A22E30003C57F /* button_refresh.png */,
				68982ED81B8A22E30003C57F /* button_rum.png */,
				68982ED91B8A22E30003C57F /* button_settings.png */,
				68982EDA1B8A22E30003C57F /* button_songca.png */,
				68982EDB1B8A22E30003C57F /* button_tienganh.png */,
				68982EDC1B8A22E30003C57F /* button_volume.png */,
				68982EDD1B8A22E30003C57F /* button_wifi.png */,
				68982EDE1B8A22E30003C57F /* logo_ana.png */,
				68982EDF1B8A22E30003C57F /* logo_hifi.png */,
				68982EE01B8A22E30003C57F /* logo_magnifying.png */,
				68982EE11B8A22E30003C57F /* logo_music.png */,
				68982EE21B8A22E30003C57F /* logo_seach_song.png */,
				68982EE31B8A22E30003C57F /* logo_search_name.png */,
			);
			path = Resource_iPad;
			sourceTree = "<group>";
		};
		68982F021B8A22FA0003C57F /* Resource_iPhone */ = {
			isa = PBXGroup;
			children = (
				68AC02F61B8C6CB1003F2316 /* traitim.png */,
				68A703431B8AD3170091E84A /* button_choi.png */,
				68A703441B8AD3170091E84A /* background_choi.png */,
				68A7033F1B8AD0E60091E84A /* rfresh.png */,
				68A703401B8AD0E60091E84A /* backgroundrfresh.png */,
				68A7033D1B8AD0DB0091E84A /* next.png */,
				68A703371B8ACC050091E84A /* layermusic.png */,
				68A703391B8ACC810091E84A /* hifisystem.png */,
				68A7033A1B8ACC810091E84A /* analogo.png */,
				68A703331B8AC6580091E84A /* drum.png */,
				68A703341B8AC6580091E84A /* lips.png */,
				68982F191B8A339F0003C57F /* button_khongthich.png */,
				68982F1A1B8A339F0003C57F /* button_thich.png */,
				68982F171B8A33520003C57F /* button_amthanh.png */,
				68982F151B8A2DD50003C57F /* button_caidat.png */,
				68982F131B8A2B660003C57F /* kinhkup_iphone.png */,
				68982F111B8A2A7F0003C57F /* textfield_iphone.png */,
				68982F091B8A28490003C57F /* button_dachon.png */,
				68982F0A1B8A28490003C57F /* button_theloai.png */,
				68982F0B1B8A28490003C57F /* button_casi.png */,
				68982F0C1B8A28490003C57F /* button_baihat.png */,
				68982F071B8A27780003C57F /* background_child.png */,
				68982F031B8A23380003C57F /* background_iphone.png */,
				68982F051B8A23F30003C57F /* header@2x.png */,
			);
			path = Resource_iPhone;
			sourceTree = "<group>";
		};
		689D09521B86120F00D5C97B /* Controller */ = {
			isa = PBXGroup;
			children = (
				689D095D1B86133400D5C97B /* MainViewController.h */,
				689D095E1B86133400D5C97B /* MainViewController.m */,
			);
			path = Controller;
			sourceTree = "<group>";
		};
		689D09581B86130200D5C97B /* StoryBoard */ = {
			isa = PBXGroup;
			children = (
				689D09591B86130B00D5C97B /* Main_iPhone.storyboard */,
				689D09621B8616AC00D5C97B /* Main_iPad.storyboard */,
			);
			path = StoryBoard;
			sourceTree = "<group>";
		};
		68AC02B31B8C4AA4003F2316 /* ThirdParty */ = {
			isa = PBXGroup;
			children = (
				68AC02DC1B8C5076003F2316 /* ScanLAN */,
				68AC02D51B8C4B5E003F2316 /* Helper */,
				68AC02B41B8C4AA4003F2316 /* GCDAsynSocket */,
				68AC02B71B8C4AA4003F2316 /* KissXML */,
			);
			path = ThirdParty;
			sourceTree = "<group>";
		};
		68AC02B41B8C4AA4003F2316 /* GCDAsynSocket */ = {
			isa = PBXGroup;
			children = (
				68AC02B51B8C4AA4003F2316 /* GCDAsyncSocket.h */,
				68AC02B61B8C4AA4003F2316 /* GCDAsyncSocket.m */,
			);
			path = GCDAsynSocket;
			sourceTree = "<group>";
		};
		68AC02B71B8C4AA4003F2316 /* KissXML */ = {
			isa = PBXGroup;
			children = (
				68AC02B91B8C4ABF003F2316 /* Categories */,
				68AC02BC1B8C4ABF003F2316 /* DDXML.h */,
				68AC02BD1B8C4ABF003F2316 /* DDXMLDocument.h */,
				68AC02BE1B8C4ABF003F2316 /* DDXMLDocument.m */,
				68AC02BF1B8C4ABF003F2316 /* DDXMLElement.h */,
				68AC02C01B8C4ABF003F2316 /* DDXMLElement.m */,
				68AC02C11B8C4ABF003F2316 /* DDXMLNode.h */,
				68AC02C21B8C4ABF003F2316 /* DDXMLNode.m */,
				68AC02C31B8C4ABF003F2316 /* NSData+XMPP.h */,
				68AC02C41B8C4ABF003F2316 /* NSData+XMPP.m */,
				68AC02C51B8C4ABF003F2316 /* NSNumber+XMPP.h */,
				68AC02C61B8C4ABF003F2316 /* NSNumber+XMPP.m */,
				68AC02C71B8C4ABF003F2316 /* NSXMLElement+XMPP.h */,
				68AC02C81B8C4ABF003F2316 /* NSXMLElement+XMPP.m */,
				68AC02C91B8C4ABF003F2316 /* Private */,
			);
			path = KissXML;
			sourceTree = "<group>";
		};
		68AC02B91B8C4ABF003F2316 /* Categories */ = {
			isa = PBXGroup;
			children = (
				68AC02BA1B8C4ABF003F2316 /* NSString+DDXML.h */,
				68AC02BB1B8C4ABF003F2316 /* NSString+DDXML.m */,
			);
			path = Categories;
			sourceTree = "<group>";
		};
		68AC02C91B8C4ABF003F2316 /* Private */ = {
			isa = PBXGroup;
			children = (
				68AC02CA1B8C4ABF003F2316 /* DDXMLPrivate.h */,
			);
			path = Private;
			sourceTree = "<group>";
		};
		68AC02D51B8C4B5E003F2316 /* Helper */ = {
			isa = PBXGroup;
			children = (
				68AC02D61B8C4BC2003F2316 /* XMLPackets.h */,
				68AC02D71B8C4BC2003F2316 /* XMLPackets.m */,
				68AC02D91B8C4D2C003F2316 /* ConnectTCP.h */,
				68AC02DA1B8C4D2C003F2316 /* ConnectTCP.m */,
				68AC02E91B8C519B003F2316 /* ScanLANIP.h */,
				68AC02EA1B8C519B003F2316 /* ScanLANIP.m */,
			);
			path = Helper;
			sourceTree = "<group>";
		};
		68AC02DC1B8C5076003F2316 /* ScanLAN */ = {
			isa = PBXGroup;
			children = (
				68AC02DD1B8C5076003F2316 /* Device.h */,
				68AC02DE1B8C5076003F2316 /* Device.m */,
				68AC02DF1B8C5076003F2316 /* ScanLAN.h */,
				68AC02E01B8C5076003F2316 /* ScanLAN.m */,
				68AC02E11B8C5076003F2316 /* SimplePing.h */,
				68AC02E21B8C5076003F2316 /* SimplePing.m */,
				68AC02E31B8C5076003F2316 /* SimplePingHelper.h */,
				68AC02E41B8C5076003F2316 /* SimplePingHelper.m */,
			);
			path = ScanLAN;
			sourceTree = "<group>";
		};
		68B136451B858DDC001F4C64 = {
			isa = PBXGroup;
			children = (
				68B136501B858DDC001F4C64 /* ANA */,
				68B1366A1B858DDC001F4C64 /* ANATests */,
				68B1364F1B858DDC001F4C64 /* Products */,
			);
			sourceTree = "<group>";
		};
		68B1364F1B858DDC001F4C64 /* Products */ = {
			isa = PBXGroup;
			children = (
				68B1364E1B858DDC001F4C64 /* ANA.app */,
				68B136671B858DDC001F4C64 /* ANATests.xctest */,
			);
			name = Products;
			sourceTree = "<group>";
		};
		68B136501B858DDC001F4C64 /* ANA */ = {
			isa = PBXGroup;
			children = (
				68AC02B31B8C4AA4003F2316 /* ThirdParty */,
				68C5E7451B876B8900C2A58F /* Modal */,
				68C5E73C1B8765BE00C2A58F /* View */,
				68C5E7301B86E72000C2A58F /* Constant */,
				68C5E7151B86D9DA00C2A58F /* Database */,
				68C5E6E01B86D89D00C2A58F /* Resource */,
				689D09581B86130200D5C97B /* StoryBoard */,
				689D09521B86120F00D5C97B /* Controller */,
				68B136551B858DDC001F4C64 /* AppDelegate.h */,
				68B136561B858DDC001F4C64 /* AppDelegate.m */,
				68B1365E1B858DDC001F4C64 /* Images.xcassets */,
				68B136511B858DDC001F4C64 /* Supporting Files */,
			);
			path = ANA;
			sourceTree = "<group>";
		};
		68B136511B858DDC001F4C64 /* Supporting Files */ = {
			isa = PBXGroup;
			children = (
				68AC02D21B8C4AD6003F2316 /* libxml2.dylib */,
				68AC02AF1B8C4A6B003F2316 /* SystemConfiguration.framework */,
				68AC02AD1B8C4A60003F2316 /* CFNetwork.framework */,
				68C5E72E1B86E6DA00C2A58F /* libsqlite3.dylib */,
				68B136521B858DDC001F4C64 /* Info.plist */,
				68B136531B858DDC001F4C64 /* main.m */,
			);
			name = "Supporting Files";
			sourceTree = "<group>";
		};
		68B1366A1B858DDC001F4C64 /* ANATests */ = {
			isa = PBXGroup;
			children = (
				68B1366D1B858DDC001F4C64 /* ANATests.m */,
				68B1366B1B858DDC001F4C64 /* Supporting Files */,
			);
			path = ANATests;
			sourceTree = "<group>";
		};
		68B1366B1B858DDC001F4C64 /* Supporting Files */ = {
			isa = PBXGroup;
			children = (
				68B1366C1B858DDC001F4C64 /* Info.plist */,
			);
			name = "Supporting Files";
			sourceTree = "<group>";
		};
		68C5E6E01B86D89D00C2A58F /* Resource */ = {
			isa = PBXGroup;
			children = (
				68982F021B8A22FA0003C57F /* Resource_iPhone */,
				68982EC51B8A22E30003C57F /* Resource_iPad */,
			);
			path = Resource;
			sourceTree = "<group>";
		};
		68C5E7151B86D9DA00C2A58F /* Database */ = {
			isa = PBXGroup;
			children = (
				68C5E7351B870AE600C2A58F /* ModalDatabase */,
				68C5E7231B86DFC200C2A58F /* Database */,
				68C5E71A1B86DBBA00C2A58F /* CoreDatabase */,
				68C5E71E1B86DBBA00C2A58F /* Help */,
			);
			path = Database;
			sourceTree = "<group>";
		};
		68C5E71A1B86DBBA00C2A58F /* CoreDatabase */ = {
			isa = PBXGroup;
			children = (
				68C5E71B1B86DBBA00C2A58F /* ANACoreDataStorageProtected.h */,
				68C5E71C1B86DBBA00C2A58F /* ANACoreDataStoreage.h */,
				68C5E71D1B86DBBA00C2A58F /* ANACoreDataStoreage.m */,
			);
			path = CoreDatabase;
			sourceTree = "<group>";
		};
		68C5E71E1B86DBBA00C2A58F /* Help */ = {
			isa = PBXGroup;
			children = (
				68C5E7321B8707A100C2A58F /* LocalDataBase.h */,
				68C5E7331B8707A100C2A58F /* LocalDataBase.m */,
				68C5E7201B86DFA600C2A58F /* ImportSQLToCoreData.h */,
				68C5E7211B86DFA600C2A58F /* ImportSQLToCoreData.m */,
				68C5E72B1B86E47500C2A58F /* SQLiteExport.h */,
				68C5E72C1B86E47500C2A58F /* SQLiteExport.m */,
			);
			path = Help;
			sourceTree = "<group>";
		};
		68C5E7231B86DFC200C2A58F /* Database */ = {
			isa = PBXGroup;
			children = (
				68C5E7261B86E0C900C2A58F /* Song_Sqlite.db */,
				68C5E7281B86E36D00C2A58F /* Song_CoreData.xcdatamodeld */,
			);
			path = Database;
			sourceTree = "<group>";
		};
		68C5E7301B86E72000C2A58F /* Constant */ = {
			isa = PBXGroup;
			children = (
				68C5E7311B86E73500C2A58F /* Constants.h */,
			);
			path = Constant;
			sourceTree = "<group>";
		};
		68C5E7351B870AE600C2A58F /* ModalDatabase */ = {
			isa = PBXGroup;
			children = (
				68982EC21B89F3AE0003C57F /* YueNan.h */,
				68982EC31B89F3AE0003C57F /* YueNan.m */,
				68982EBF1B89F2E60003C57F /* Zong.h */,
				68982EC01B89F2E60003C57F /* Zong.m */,
				68982EBC1B89EFC90003C57F /* YueYu.h */,
				68982EBD1B89EFC90003C57F /* YueYu.m */,
				68982EB91B89EC900003C57F /* ZuHe.h */,
				68982EBA1B89EC900003C57F /* ZuHe.m */,
				68982EB61B89EBB70003C57F /* QingGe.h */,
				68982EB71B89EBB70003C57F /* QingGe.m */,
				68FAA0611B88E8F2007C517A /* LiuXing.h */,
				68FAA0621B88E8F2007C517A /* LiuXing.m */,
				68FAA05B1B88E72C007C517A /* GuoYu.h */,
				68FAA05C1B88E72C007C517A /* GuoYu.m */,
				68FAA0551B88E6E4007C517A /* Song.h */,
				68FAA0561B88E6E4007C517A /* Song.m */,
				68FAA0521B88B5A8007C517A /* SongType.h */,
				68FAA0531B88B5A8007C517A /* SongType.m */,
				68C5E7361B870B4F00C2A58F /* Singer.h */,
				68C5E7371B870B4F00C2A58F /* Singer.m */,
			);
			path = ModalDatabase;
			sourceTree = "<group>";
		};
		68C5E73C1B8765BE00C2A58F /* View */ = {
			isa = PBXGroup;
			children = (
				68C5E73D1B87664600C2A58F /* CollectionViewName_iPad.h */,
				68C5E73E1B87664600C2A58F /* CollectionViewName_iPad.m */,
				68C5E7401B876A1900C2A58F /* CollectionViewCellSinger_iPad.h */,
				68C5E7411B876A1900C2A58F /* CollectionViewCellSinger_iPad.m */,
				68C5E7421B876A1900C2A58F /* CollectionViewCellSinger_iPad.xib */,
				689F0E1A1B8810B400B5BF88 /* TableViewCellSong_iPad.h */,
				689F0E1B1B8810B400B5BF88 /* TableViewCellSong_iPad.m */,
				689F0E1C1B8810B400B5BF88 /* TableViewCellSong_iPad.xib */,
				68AC02EF1B8C6C17003F2316 /* TableViewCellSong_iPhone.h */,
				68AC02F01B8C6C17003F2316 /* TableViewCellSong_iPhone.m */,
				68AC02F11B8C6C17003F2316 /* TableViewCellSong_iPhone.xib */,
			);
			path = View;
			sourceTree = "<group>";
		};
		68C5E7451B876B8900C2A58F /* Modal */ = {
			isa = PBXGroup;
			children = (
				68C5E7461B876BBC00C2A58F /* SingerCell.h */,
				68C5E7471B876BBC00C2A58F /* SingerCell.m */,
			);
			path = Modal;
			sourceTree = "<group>";
		};
/* End PBXGroup section */

/* Begin PBXNativeTarget section */
		68B1364D1B858DDC001F4C64 /* ANA */ = {
			isa = PBXNativeTarget;
			buildConfigurationList = 68B136711B858DDC001F4C64 /* Build configuration list for PBXNativeTarget "ANA" */;
			buildPhases = (
				68B1364A1B858DDC001F4C64 /* Sources */,
				68B1364B1B858DDC001F4C64 /* Frameworks */,
				68B1364C1B858DDC001F4C64 /* Resources */,
			);
			buildRules = (
			);
			dependencies = (
			);
			name = ANA;
			productName = ANA;
			productReference = 68B1364E1B858DDC001F4C64 /* ANA.app */;
			productType = "com.apple.product-type.application";
		};
		68B136661B858DDC001F4C64 /* ANATests */ = {
			isa = PBXNativeTarget;
			buildConfigurationList = 68B136741B858DDC001F4C64 /* Build configuration list for PBXNativeTarget "ANATests" */;
			buildPhases = (
				68B136631B858DDC001F4C64 /* Sources */,
				68B136641B858DDC001F4C64 /* Frameworks */,
				68B136651B858DDC001F4C64 /* Resources */,
			);
			buildRules = (
			);
			dependencies = (
				68B136691B858DDC001F4C64 /* PBXTargetDependency */,
			);
			name = ANATests;
			productName = ANATests;
			productReference = 68B136671B858DDC001F4C64 /* ANATests.xctest */;
			productType = "com.apple.product-type.bundle.unit-test";
		};
/* End PBXNativeTarget section */

/* Begin PBXProject section */
		68B136461B858DDC001F4C64 /* Project object */ = {
			isa = PBXProject;
			attributes = {
				LastUpgradeCheck = 0640;
				ORGANIZATIONNAME = "Minh Thong";
				TargetAttributes = {
					68B1364D1B858DDC001F4C64 = {
						CreatedOnToolsVersion = 6.4;
						DevelopmentTeam = 92PEHVYVVU;
					};
					68B136661B858DDC001F4C64 = {
						CreatedOnToolsVersion = 6.4;
						TestTargetID = 68B1364D1B858DDC001F4C64;
					};
				};
			};
			buildConfigurationList = 68B136491B858DDC001F4C64 /* Build configuration list for PBXProject "ANA" */;
			compatibilityVersion = "Xcode 3.2";
			developmentRegion = English;
			hasScannedForEncodings = 0;
			knownRegions = (
				en,
				Base,
			);
			mainGroup = 68B136451B858DDC001F4C64;
			productRefGroup = 68B1364F1B858DDC001F4C64 /* Products */;
			projectDirPath = "";
			projectRoot = "";
			targets = (
				68B1364D1B858DDC001F4C64 /* ANA */,
				68B136661B858DDC001F4C64 /* ANATests */,
			);
		};
/* End PBXProject section */

/* Begin PBXResourcesBuildPhase section */
		68B1364C1B858DDC001F4C64 /* Resources */ = {
			isa = PBXResourcesBuildPhase;
			buildActionMask = 2147483647;
			files = (
				68982EFF1B8A22E30003C57F /* logo_music.png in Resources */,
				68982F011B8A22E30003C57F /* logo_search_name.png in Resources */,
				68982EEF1B8A22E30003C57F /* button_like.png in Resources */,
				68982F001B8A22E30003C57F /* logo_seach_song.png in Resources */,
				68982F0E1B8A28490003C57F /* button_theloai.png in Resources */,
				68AC02F31B8C6C17003F2316 /* TableViewCellSong_iPhone.xib in Resources */,
				68A7033C1B8ACC810091E84A /* analogo.png in Resources */,
				689F0E1E1B8810B400B5BF88 /* TableViewCellSong_iPad.xib in Resources */,
				68982F1C1B8A339F0003C57F /* button_thich.png in Resources */,
				68982EE91B8A22E30003C57F /* bg_big_button.png in Resources */,
				68A703411B8AD0E60091E84A /* rfresh.png in Resources */,
				68982EE51B8A22E30003C57F /* background.png in Resources */,
				68982F181B8A33520003C57F /* button_amthanh.png in Resources */,
				68A703461B8AD3170091E84A /* background_choi.png in Resources */,
				68982EED1B8A22E30003C57F /* button_danceremix.png in Resources */,
				68982EF41B8A22E30003C57F /* button_play.png in Resources */,
				689D09631B8616AC00D5C97B /* Main_iPad.storyboard in Resources */,
				68C5E7271B86E0C900C2A58F /* Song_Sqlite.db in Resources */,
				68982EEE1B8A22E30003C57F /* button_dislike.png in Resources */,
				68982EE61B8A22E30003C57F /* background_cell.png in Resources */,
				68982EF01B8A22E30003C57F /* button_lips.png in Resources */,
				68982EFC1B8A22E30003C57F /* logo_ana.png in Resources */,
				68982EF21B8A22E30003C57F /* button_next.png in Resources */,
				68982EF11B8A22E30003C57F /* button_menu.png in Resources */,
				68A7033E1B8AD0DB0091E84A /* next.png in Resources */,
				689D095A1B86130B00D5C97B /* Main_iPhone.storyboard in Resources */,
				68982EF71B8A22E30003C57F /* button_settings.png in Resources */,
				68982F0D1B8A28490003C57F /* button_dachon.png in Resources */,
				68982EFD1B8A22E30003C57F /* logo_hifi.png in Resources */,
				68982F081B8A27780003C57F /* background_child.png in Resources */,
				68982EE81B8A22E30003C57F /* background_mtv.png in Resources */,
				68982EFE1B8A22E30003C57F /* logo_magnifying.png in Resources */,
				68982F141B8A2B660003C57F /* kinhkup_iphone.png in Resources */,
				68A703421B8AD0E60091E84A /* backgroundrfresh.png in Resources */,
				68982F041B8A23380003C57F /* background_iphone.png in Resources */,
				68982F101B8A28490003C57F /* button_baihat.png in Resources */,
				68AC02F71B8C6CB1003F2316 /* traitim.png in Resources */,
				68A703351B8AC6580091E84A /* drum.png in Resources */,
				68982F1B1B8A339F0003C57F /* button_khongthich.png in Resources */,
				68A703381B8ACC050091E84A /* layermusic.png in Resources */,
				68A703451B8AD3170091E84A /* button_choi.png in Resources */,
				68982EF51B8A22E30003C57F /* button_refresh.png in Resources */,
				68982EF81B8A22E30003C57F /* button_songca.png in Resources */,
				68982EE71B8A22E30003C57F /* background_cicle.png in Resources */,
				68C5E7441B876A1900C2A58F /* CollectionViewCellSinger_iPad.xib in Resources */,
				68982EFB1B8A22E30003C57F /* button_wifi.png in Resources */,
				68982EE41B8A22E30003C57F /* avatar_placeholder.png in Resources */,
				68982EF61B8A22E30003C57F /* button_rum.png in Resources */,
				68982EEA1B8A22E30003C57F /* bg_button.png in Resources */,
				68A703361B8AC6580091E84A /* lips.png in Resources */,
				68A7033B1B8ACC810091E84A /* hifisystem.png in Resources */,
				68982EF91B8A22E30003C57F /* button_tienganh.png in Resources */,
				68982F061B8A23F30003C57F /* header@2x.png in Resources */,
				68982EFA1B8A22E30003C57F /* button_volume.png in Resources */,
				68982EEB1B8A22E30003C57F /* button_bravo.png in Resources */,
				68982F0F1B8A28490003C57F /* button_casi.png in Resources */,
				68982EEC1B8A22E30003C57F /* button_cakhucbathuu.png in Resources */,
				68982F161B8A2DD50003C57F /* button_caidat.png in Resources */,
				68982F121B8A2A7F0003C57F /* textfield_iphone.png in Resources */,
				68B1365F1B858DDC001F4C64 /* Images.xcassets in Resources */,
				68982EF31B8A22E30003C57F /* button_nhacrap.png in Resources */,
			);
			runOnlyForDeploymentPostprocessing = 0;
		};
		68B136651B858DDC001F4C64 /* Resources */ = {
			isa = PBXResourcesBuildPhase;
			buildActionMask = 2147483647;
			files = (
			);
			runOnlyForDeploymentPostprocessing = 0;
		};
/* End PBXResourcesBuildPhase section */

/* Begin PBXSourcesBuildPhase section */
		68B1364A1B858DDC001F4C64 /* Sources */ = {
			isa = PBXSourcesBuildPhase;
			buildActionMask = 2147483647;
			files = (
				68AC02D01B8C4ABF003F2316 /* NSNumber+XMPP.m in Sources */,
				68AC02EB1B8C519B003F2316 /* ScanLANIP.m in Sources */,
				68AC02B81B8C4AA4003F2316 /* GCDAsyncSocket.m in Sources */,
				68FAA0631B88E8F2007C517A /* LiuXing.m in Sources */,
				68AC02E71B8C5076003F2316 /* SimplePing.m in Sources */,
				68AC02D81B8C4BC2003F2316 /* XMLPackets.m in Sources */,
				68C5E72A1B86E36D00C2A58F /* Song_CoreData.xcdatamodeld in Sources */,
				68AC02DB1B8C4D2C003F2316 /* ConnectTCP.m in Sources */,
				68982EC41B89F3AE0003C57F /* YueNan.m in Sources */,
				68AC02CD1B8C4ABF003F2316 /* DDXMLElement.m in Sources */,
				689F0E1D1B8810B400B5BF88 /* TableViewCellSong_iPad.m in Sources */,
				68C5E73F1B87664600C2A58F /* CollectionViewName_iPad.m in Sources */,
				68982EBB1B89EC900003C57F /* ZuHe.m in Sources */,
				68982EBE1B89EFC90003C57F /* YueYu.m in Sources */,
				68AC02E51B8C5076003F2316 /* Device.m in Sources */,
				68B136571B858DDC001F4C64 /* AppDelegate.m in Sources */,
				68C5E7341B8707A100C2A58F /* LocalDataBase.m in Sources */,
				68982EC11B89F2E60003C57F /* Zong.m in Sources */,
				68AC02E81B8C5076003F2316 /* SimplePingHelper.m in Sources */,
				68AC02F21B8C6C17003F2316 /* TableViewCellSong_iPhone.m in Sources */,
				68AC02E61B8C5076003F2316 /* ScanLAN.m in Sources */,
				68C5E71F1B86DBBA00C2A58F /* ANACoreDataStoreage.m in Sources */,
				689D095F1B86133400D5C97B /* MainViewController.m in Sources */,
				68AC02CC1B8C4ABF003F2316 /* DDXMLDocument.m in Sources */,
				68AC02CB1B8C4ABF003F2316 /* NSString+DDXML.m in Sources */,
				68AC02CF1B8C4ABF003F2316 /* NSData+XMPP.m in Sources */,
				68FAA05D1B88E72C007C517A /* GuoYu.m in Sources */,
				68FAA0571B88E6E4007C517A /* Song.m in Sources */,
				68C5E7221B86DFA600C2A58F /* ImportSQLToCoreData.m in Sources */,
				68C5E7481B876BBC00C2A58F /* SingerCell.m in Sources */,
				68AC02CE1B8C4ABF003F2316 /* DDXMLNode.m in Sources */,
				68B136541B858DDC001F4C64 /* main.m in Sources */,
				68C5E7381B870B4F00C2A58F /* Singer.m in Sources */,
				68982EB81B89EBB70003C57F /* QingGe.m in Sources */,
				68C5E72D1B86E47500C2A58F /* SQLiteExport.m in Sources */,
				68FAA0541B88B5A8007C517A /* SongType.m in Sources */,
				68C5E7431B876A1900C2A58F /* CollectionViewCellSinger_iPad.m in Sources */,
				68AC02D11B8C4ABF003F2316 /* NSXMLElement+XMPP.m in Sources */,
			);
			runOnlyForDeploymentPostprocessing = 0;
		};
		68B136631B858DDC001F4C64 /* Sources */ = {
			isa = PBXSourcesBuildPhase;
			buildActionMask = 2147483647;
			files = (
				68B1366E1B858DDC001F4C64 /* ANATests.m in Sources */,
			);
			runOnlyForDeploymentPostprocessing = 0;
		};
/* End PBXSourcesBuildPhase section */

/* Begin PBXTargetDependency section */
		68B136691B858DDC001F4C64 /* PBXTargetDependency */ = {
			isa = PBXTargetDependency;
			target = 68B1364D1B858DDC001F4C64 /* ANA */;
			targetProxy = 68B136681B858DDC001F4C64 /* PBXContainerItemProxy */;
		};
/* End PBXTargetDependency section */

/* Begin XCBuildConfiguration section */
		68B1366F1B858DDC001F4C64 /* Debug */ = {
			isa = XCBuildConfiguration;
			buildSettings = {
				ALWAYS_SEARCH_USER_PATHS = NO;
				CLANG_CXX_LANGUAGE_STANDARD = "gnu++0x";
				CLANG_CXX_LIBRARY = "libc++";
				CLANG_ENABLE_MODULES = YES;
				CLANG_ENABLE_OBJC_ARC = YES;
				CLANG_WARN_BOOL_CONVERSION = YES;
				CLANG_WARN_CONSTANT_CONVERSION = YES;
				CLANG_WARN_DIRECT_OBJC_ISA_USAGE = YES_ERROR;
				CLANG_WARN_EMPTY_BODY = YES;
				CLANG_WARN_ENUM_CONVERSION = YES;
				CLANG_WARN_INT_CONVERSION = YES;
				CLANG_WARN_OBJC_ROOT_CLASS = YES_ERROR;
				CLANG_WARN_UNREACHABLE_CODE = YES;
				CLANG_WARN__DUPLICATE_METHOD_MATCH = YES;
				"CODE_SIGN_IDENTITY[sdk=iphoneos*]" = "iPhone Developer";
				COPY_PHASE_STRIP = NO;
				DEBUG_INFORMATION_FORMAT = "dwarf-with-dsym";
				ENABLE_STRICT_OBJC_MSGSEND = YES;
				GCC_C_LANGUAGE_STANDARD = gnu99;
				GCC_DYNAMIC_NO_PIC = NO;
				GCC_NO_COMMON_BLOCKS = YES;
				GCC_OPTIMIZATION_LEVEL = 0;
				GCC_PREPROCESSOR_DEFINITIONS = (
					"DEBUG=1",
					"$(inherited)",
				);
				GCC_SYMBOLS_PRIVATE_EXTERN = NO;
				GCC_WARN_64_TO_32_BIT_CONVERSION = YES;
				GCC_WARN_ABOUT_RETURN_TYPE = YES_ERROR;
				GCC_WARN_UNDECLARED_SELECTOR = YES;
				GCC_WARN_UNINITIALIZED_AUTOS = YES_AGGRESSIVE;
				GCC_WARN_UNUSED_FUNCTION = YES;
				GCC_WARN_UNUSED_VARIABLE = YES;
				IPHONEOS_DEPLOYMENT_TARGET = 8.4;
				MTL_ENABLE_DEBUG_INFO = YES;
				ONLY_ACTIVE_ARCH = YES;
				SDKROOT = iphoneos;
				TARGETED_DEVICE_FAMILY = "1,2";
			};
			name = Debug;
		};
		68B136701B858DDC001F4C64 /* Release */ = {
			isa = XCBuildConfiguration;
			buildSettings = {
				ALWAYS_SEARCH_USER_PATHS = NO;
				CLANG_CXX_LANGUAGE_STANDARD = "gnu++0x";
				CLANG_CXX_LIBRARY = "libc++";
				CLANG_ENABLE_MODULES = YES;
				CLANG_ENABLE_OBJC_ARC = YES;
				CLANG_WARN_BOOL_CONVERSION = YES;
				CLANG_WARN_CONSTANT_CONVERSION = YES;
				CLANG_WARN_DIRECT_OBJC_ISA_USAGE = YES_ERROR;
				CLANG_WARN_EMPTY_BODY = YES;
				CLANG_WARN_ENUM_CONVERSION = YES;
				CLANG_WARN_INT_CONVERSION = YES;
				CLANG_WARN_OBJC_ROOT_CLASS = YES_ERROR;
				CLANG_WARN_UNREACHABLE_CODE = YES;
				CLANG_WARN__DUPLICATE_METHOD_MATCH = YES;
				"CODE_SIGN_IDENTITY[sdk=iphoneos*]" = "iPhone Developer";
				COPY_PHASE_STRIP = NO;
				DEBUG_INFORMATION_FORMAT = "dwarf-with-dsym";
				ENABLE_NS_ASSERTIONS = NO;
				ENABLE_STRICT_OBJC_MSGSEND = YES;
				GCC_C_LANGUAGE_STANDARD = gnu99;
				GCC_NO_COMMON_BLOCKS = YES;
				GCC_WARN_64_TO_32_BIT_CONVERSION = YES;
				GCC_WARN_ABOUT_RETURN_TYPE = YES_ERROR;
				GCC_WARN_UNDECLARED_SELECTOR = YES;
				GCC_WARN_UNINITIALIZED_AUTOS = YES_AGGRESSIVE;
				GCC_WARN_UNUSED_FUNCTION = YES;
				GCC_WARN_UNUSED_VARIABLE = YES;
				IPHONEOS_DEPLOYMENT_TARGET = 8.4;
				MTL_ENABLE_DEBUG_INFO = NO;
				SDKROOT = iphoneos;
				TARGETED_DEVICE_FAMILY = "1,2";
				VALIDATE_PRODUCT = YES;
			};
			name = Release;
		};
		68B136721B858DDC001F4C64 /* Debug */ = {
			isa = XCBuildConfiguration;
			buildSettings = {
				ASSETCATALOG_COMPILER_APPICON_NAME = AppIcon;
				ASSETCATALOG_COMPILER_LAUNCHIMAGE_NAME = LaunchImage;
				CODE_SIGN_IDENTITY = "iPhone Developer";
				"CODE_SIGN_IDENTITY[sdk=iphoneos*]" = "iPhone Developer";
				HEADER_SEARCH_PATHS = (
					"$(inherited)",
					/Applications/Xcode.app/Contents/Developer/Toolchains/XcodeDefault.xctoolchain/usr/include,
					"$(SDKROOT)/usr/include/libxml2",
				);
				INFOPLIST_FILE = ANA/Info.plist;
				IPHONEOS_DEPLOYMENT_TARGET = 7.0;
				LD_RUNPATH_SEARCH_PATHS = "$(inherited) @executable_path/Frameworks";
				PRODUCT_NAME = "$(TARGET_NAME)";
				PROVISIONING_PROFILE = "";
				TARGETED_DEVICE_FAMILY = "1,2";
			};
			name = Debug;
		};
		68B136731B858DDC001F4C64 /* Release */ = {
			isa = XCBuildConfiguration;
			buildSettings = {
				ASSETCATALOG_COMPILER_APPICON_NAME = AppIcon;
				ASSETCATALOG_COMPILER_LAUNCHIMAGE_NAME = LaunchImage;
				CODE_SIGN_IDENTITY = "iPhone Developer";
				"CODE_SIGN_IDENTITY[sdk=iphoneos*]" = "iPhone Developer";
				HEADER_SEARCH_PATHS = (
					"$(inherited)",
					/Applications/Xcode.app/Contents/Developer/Toolchains/XcodeDefault.xctoolchain/usr/include,
					"$(SDKROOT)/usr/include/libxml2",
				);
				INFOPLIST_FILE = ANA/Info.plist;
				IPHONEOS_DEPLOYMENT_TARGET = 7.0;
				LD_RUNPATH_SEARCH_PATHS = "$(inherited) @executable_path/Frameworks";
				PRODUCT_NAME = "$(TARGET_NAME)";
				PROVISIONING_PROFILE = "";
				TARGETED_DEVICE_FAMILY = "1,2";
			};
			name = Release;
		};
		68B136751B858DDC001F4C64 /* Debug */ = {
			isa = XCBuildConfiguration;
			buildSettings = {
				BUNDLE_LOADER = "$(TEST_HOST)";
				FRAMEWORK_SEARCH_PATHS = (
					"$(SDKROOT)/Developer/Library/Frameworks",
					"$(inherited)",
				);
				GCC_PREPROCESSOR_DEFINITIONS = (
					"DEBUG=1",
					"$(inherited)",
				);
				INFOPLIST_FILE = ANATests/Info.plist;
				LD_RUNPATH_SEARCH_PATHS = "$(inherited) @executable_path/Frameworks @loader_path/Frameworks";
				PRODUCT_NAME = "$(TARGET_NAME)";
				TEST_HOST = "$(BUILT_PRODUCTS_DIR)/ANA.app/ANA";
			};
			name = Debug;
		};
		68B136761B858DDC001F4C64 /* Release */ = {
			isa = XCBuildConfiguration;
			buildSettings = {
				BUNDLE_LOADER = "$(TEST_HOST)";
				FRAMEWORK_SEARCH_PATHS = (
					"$(SDKROOT)/Developer/Library/Frameworks",
					"$(inherited)",
				);
				INFOPLIST_FILE = ANATests/Info.plist;
				LD_RUNPATH_SEARCH_PATHS = "$(inherited) @executable_path/Frameworks @loader_path/Frameworks";
				PRODUCT_NAME = "$(TARGET_NAME)";
				TEST_HOST = "$(BUILT_PRODUCTS_DIR)/ANA.app/ANA";
			};
			name = Release;
		};
/* End XCBuildConfiguration section */

/* Begin XCConfigurationList section */
		68B136491B858DDC001F4C64 /* Build configuration list for PBXProject "ANA" */ = {
			isa = XCConfigurationList;
			buildConfigurations = (
				68B1366F1B858DDC001F4C64 /* Debug */,
				68B136701B858DDC001F4C64 /* Release */,
			);
			defaultConfigurationIsVisible = 0;
			defaultConfigurationName = Release;
		};
		68B136711B858DDC001F4C64 /* Build configuration list for PBXNativeTarget "ANA" */ = {
			isa = XCConfigurationList;
			buildConfigurations = (
				68B136721B858DDC001F4C64 /* Debug */,
				68B136731B858DDC001F4C64 /* Release */,
			);
			defaultConfigurationIsVisible = 0;
			defaultConfigurationName = Release;
		};
		68B136741B858DDC001F4C64 /* Build configuration list for PBXNativeTarget "ANATests" */ = {
			isa = XCConfigurationList;
			buildConfigurations = (
				68B136751B858DDC001F4C64 /* Debug */,
				68B136761B858DDC001F4C64 /* Release */,
			);
			defaultConfigurationIsVisible = 0;
			defaultConfigurationName = Release;
		};
/* End XCConfigurationList section */

/* Begin XCVersionGroup section */
		68C5E7281B86E36D00C2A58F /* Song_CoreData.xcdatamodeld */ = {
			isa = XCVersionGroup;
			children = (
				68C5E7291B86E36D00C2A58F /* Song_CoreData.xcdatamodel */,
			);
			currentVersion = 68C5E7291B86E36D00C2A58F /* Song_CoreData.xcdatamodel */;
			path = Song_CoreData.xcdatamodeld;
			sourceTree = "<group>";
			versionGroupType = wrapper.xcdatamodel;
		};
/* End XCVersionGroup section */
	};
	rootObject = 68B136461B858DDC001F4C64 /* Project object */;
}
